// !$*UTF8*$!
{
	archiveVersion = 1;
	classes = {
	};
	objectVersion = 46;
	objects = {

/* Begin PBXBuildFile section */
		38022760227D33F0004C3DF6 /* EULAVC.swift in Sources */ = {isa = PBXBuildFile; fileRef = 3802275F227D33F0004C3DF6 /* EULAVC.swift */; };
		383352222282E80600DA6857 /* Subscriptions.swift in Sources */ = {isa = PBXBuildFile; fileRef = 383352212282E80600DA6857 /* Subscriptions.swift */; };
		3872F63D2214874C00AC547E /* FloqUITests.swift in Sources */ = {isa = PBXBuildFile; fileRef = 3872F63C2214874C00AC547E /* FloqUITests.swift */; };
		3877A9F422E2094B007FBCE3 /* AddCommentVC.swift in Sources */ = {isa = PBXBuildFile; fileRef = 3877A9F322E2094B007FBCE3 /* AddCommentVC.swift */; };
		3877A9F922E34177007FBCE3 /* LayoutProperty.swift in Sources */ = {isa = PBXBuildFile; fileRef = 3877A9F622E34177007FBCE3 /* LayoutProperty.swift */; };
		3877A9FA22E34177007FBCE3 /* Protocols.swift in Sources */ = {isa = PBXBuildFile; fileRef = 3877A9F722E34177007FBCE3 /* Protocols.swift */; };
		3877A9FB22E34177007FBCE3 /* Opereators.swift in Sources */ = {isa = PBXBuildFile; fileRef = 3877A9F822E34177007FBCE3 /* Opereators.swift */; };
		3877A9FE22E3536A007FBCE3 /* LoadMoreCells.swift in Sources */ = {isa = PBXBuildFile; fileRef = 3877A9FC22E3536A007FBCE3 /* LoadMoreCells.swift */; };
		3877A9FF22E3536A007FBCE3 /* LoadMoreCells.xib in Resources */ = {isa = PBXBuildFile; fileRef = 3877A9FD22E3536A007FBCE3 /* LoadMoreCells.xib */; };
		3877AA0122E361A4007FBCE3 /* SmartAlertView.swift in Sources */ = {isa = PBXBuildFile; fileRef = 3877AA0022E361A4007FBCE3 /* SmartAlertView.swift */; };
		387F84FA228AC7D700FC3226 /* BlockedUsersVC.swift in Sources */ = {isa = PBXBuildFile; fileRef = 387F84F9228AC7D700FC3226 /* BlockedUsersVC.swift */; };
		3895DCFD22183FD6009C5CA6 /* SocialSharing.swift in Sources */ = {isa = PBXBuildFile; fileRef = 3895DCFC22183FD6009C5CA6 /* SocialSharing.swift */; };
		38B02E1C2214744D00DEEC21 /* FloqTests.swift in Sources */ = {isa = PBXBuildFile; fileRef = 38B02E1B2214744D00DEEC21 /* FloqTests.swift */; };
		38CC9EBA22EF050C00483DC7 /* CommentsInputView copy.swift in Sources */ = {isa = PBXBuildFile; fileRef = 38CC9EB922EF050C00483DC7 /* CommentsInputView copy.swift */; };
		38CF259022DCCA2D008BEDDF /* FLComments.swift in Sources */ = {isa = PBXBuildFile; fileRef = 38CF258F22DCCA2D008BEDDF /* FLComments.swift */; };
		38CF259222DD4FD1008BEDDF /* CommentEngine.swift in Sources */ = {isa = PBXBuildFile; fileRef = 38CF259122DD4FD1008BEDDF /* CommentEngine.swift */; };
		38CF259522DFA34E008BEDDF /* CommentsVC.swift in Sources */ = {isa = PBXBuildFile; fileRef = 38CF259422DFA34E008BEDDF /* CommentsVC.swift */; };
		38CF259822DFA46D008BEDDF /* CommentCell.swift in Sources */ = {isa = PBXBuildFile; fileRef = 38CF259622DFA46D008BEDDF /* CommentCell.swift */; };
		38CF259922DFA46D008BEDDF /* CommentCell.xib in Resources */ = {isa = PBXBuildFile; fileRef = 38CF259722DFA46D008BEDDF /* CommentCell.xib */; };
		38CFAB162288B8AD00D40330 /* FloatyWindow.swift in Sources */ = {isa = PBXBuildFile; fileRef = 38CFAB0F2288B8A900D40330 /* FloatyWindow.swift */; };
		38CFAB172288B8AD00D40330 /* FloatyItem.swift in Sources */ = {isa = PBXBuildFile; fileRef = 38CFAB102288B8AA00D40330 /* FloatyItem.swift */; };
		38CFAB182288B8AD00D40330 /* Floaty.swift in Sources */ = {isa = PBXBuildFile; fileRef = 38CFAB112288B8AA00D40330 /* Floaty.swift */; };
		38CFAB192288B8AD00D40330 /* FloatyDelegate.swift in Sources */ = {isa = PBXBuildFile; fileRef = 38CFAB122288B8AB00D40330 /* FloatyDelegate.swift */; };
		38CFAB1A2288B8AD00D40330 /* FloatyManager.swift in Sources */ = {isa = PBXBuildFile; fileRef = 38CFAB132288B8AC00D40330 /* FloatyManager.swift */; };
		38CFAB1B2288B8AD00D40330 /* UIView+Draggable.swift in Sources */ = {isa = PBXBuildFile; fileRef = 38CFAB142288B8AC00D40330 /* UIView+Draggable.swift */; };
		38CFAB1C2288B8AD00D40330 /* FloatyViewController.swift in Sources */ = {isa = PBXBuildFile; fileRef = 38CFAB152288B8AD00D40330 /* FloatyViewController.swift */; };
		4048BD431E88B76B00BA8BDA /* GoogleService-Info.plist in Resources */ = {isa = PBXBuildFile; fileRef = 4048BD421E88B76B00BA8BDA /* GoogleService-Info.plist */; };
		406493821FDDAC3F00224DF8 /* PhotoSection.swift in Sources */ = {isa = PBXBuildFile; fileRef = 406493811FDDAC3F00224DF8 /* PhotoSection.swift */; };
		407997FA1FDCDF8900AAE42A /* ImageCell.swift in Sources */ = {isa = PBXBuildFile; fileRef = 407997F71FDCDF8900AAE42A /* ImageCell.swift */; };
		407997FB1FDCDF8900AAE42A /* PhotosVC.swift in Sources */ = {isa = PBXBuildFile; fileRef = 407997F81FDCDF8900AAE42A /* PhotosVC.swift */; };
		407997FE1FDCE0ED00AAE42A /* LabelCell.swift in Sources */ = {isa = PBXBuildFile; fileRef = 407997FD1FDCE0ED00AAE42A /* LabelCell.swift */; };
		40A1F74120F2F80F00DDA0B1 /* HomeVC.swift in Sources */ = {isa = PBXBuildFile; fileRef = 40A1F74020F2F80F00DDA0B1 /* HomeVC.swift */; };
		40A1F74520F300DE00DDA0B1 /* CreateCliqVC.swift in Sources */ = {isa = PBXBuildFile; fileRef = 40A1F74420F300DD00DDA0B1 /* CreateCliqVC.swift */; };
		40A1F74820F3052E00DDA0B1 /* FloatLabelTextField.swift in Sources */ = {isa = PBXBuildFile; fileRef = 40A1F74720F3052E00DDA0B1 /* FloatLabelTextField.swift */; };
		40A1F74A20F3056B00DDA0B1 /* CustomCells.swift in Sources */ = {isa = PBXBuildFile; fileRef = 40A1F74920F3056B00DDA0B1 /* CustomCells.swift */; };
		40A1F74D20F3082800DDA0B1 /* ImagePickerController.swift in Sources */ = {isa = PBXBuildFile; fileRef = 40A1F74C20F3082800DDA0B1 /* ImagePickerController.swift */; };
		40A1F74F20F3083A00DDA0B1 /* ImageRow.swift in Sources */ = {isa = PBXBuildFile; fileRef = 40A1F74E20F3083A00DDA0B1 /* ImageRow.swift */; };
		40AA29B71E8891E900200A3F /* AppDelegate.swift in Sources */ = {isa = PBXBuildFile; fileRef = 40AA29B61E8891E900200A3F /* AppDelegate.swift */; };
		40AA29BC1E8891E900200A3F /* Main.storyboard in Resources */ = {isa = PBXBuildFile; fileRef = 40AA29BA1E8891E900200A3F /* Main.storyboard */; };
		40AA29BE1E8891E900200A3F /* Assets.xcassets in Resources */ = {isa = PBXBuildFile; fileRef = 40AA29BD1E8891E900200A3F /* Assets.xcassets */; };
		40AA29C11E8891E900200A3F /* LaunchScreen.storyboard in Resources */ = {isa = PBXBuildFile; fileRef = 40AA29BF1E8891E900200A3F /* LaunchScreen.storyboard */; };
		40FED65F1FDE0E4800EC5974 /* PhotoItem.swift in Sources */ = {isa = PBXBuildFile; fileRef = 40FED65E1FDE0E4800EC5974 /* PhotoItem.swift */; };
		BDD0D20C19D0DD84BDB5C758 /* Pods_Floq.framework in Frameworks */ = {isa = PBXBuildFile; fileRef = 48674A44BA36DB0F31439238 /* Pods_Floq.framework */; };
		C400093122072C16004B6067 /* UIImage+Gif.swift in Sources */ = {isa = PBXBuildFile; fileRef = C400093022072C16004B6067 /* UIImage+Gif.swift */; };
		C40FC38F21DE552400CD39A8 /* ProfileImageVC.swift in Sources */ = {isa = PBXBuildFile; fileRef = C40FC38E21DE552400CD39A8 /* ProfileImageVC.swift */; };
		C416EC9621D623AB00ECEE2C /* CustomAlbum.swift in Sources */ = {isa = PBXBuildFile; fileRef = C416EC9521D623AB00ECEE2C /* CustomAlbum.swift */; };
		C41EBFB021E145430094EBC6 /* LoginVC.swift in Sources */ = {isa = PBXBuildFile; fileRef = C41EBFAF21E145430094EBC6 /* LoginVC.swift */; };
		C430B79121E100E70010F2AE /* FinalOnBoardVC.swift in Sources */ = {isa = PBXBuildFile; fileRef = C430B79021E100E70010F2AE /* FinalOnBoardVC.swift */; };
		C434C50B21DBA9DB003333A1 /* FIRStorage+Extensions.swift in Sources */ = {isa = PBXBuildFile; fileRef = C434C50A21DBA9DB003333A1 /* FIRStorage+Extensions.swift */; };
		C434C50D21DBBEEC003333A1 /* UIKitModules+Extensions.swift in Sources */ = {isa = PBXBuildFile; fileRef = C434C50C21DBBEEC003333A1 /* UIKitModules+Extensions.swift */; };
		C434C50F21DBEB48003333A1 /* FirebaseAuth+Extensions.swift in Sources */ = {isa = PBXBuildFile; fileRef = C434C50E21DBEB48003333A1 /* FirebaseAuth+Extensions.swift */; };
		C434C51121DCBE33003333A1 /* MyCliqsVC.swift in Sources */ = {isa = PBXBuildFile; fileRef = C434C51021DCBE33003333A1 /* MyCliqsVC.swift */; };
		C434C51321DD2A32003333A1 /* UserListCell.swift in Sources */ = {isa = PBXBuildFile; fileRef = C434C51221DD2A32003333A1 /* UserListCell.swift */; };
		C434C51521DD2BA0003333A1 /* UserListVC.swift in Sources */ = {isa = PBXBuildFile; fileRef = C434C51421DD2BA0003333A1 /* UserListVC.swift */; };
		C43B8D5322006126003B7A00 /* ForceUpdateVC.swift in Sources */ = {isa = PBXBuildFile; fileRef = C43B8D5222006126003B7A00 /* ForceUpdateVC.swift */; };
		C43B8D5522006B30003B7A00 /* UpdateInfo.swift in Sources */ = {isa = PBXBuildFile; fileRef = C43B8D5422006B30003B7A00 /* UpdateInfo.swift */; };
		C43B8D57220073EB003B7A00 /* NotificationAlertView.swift in Sources */ = {isa = PBXBuildFile; fileRef = C43B8D56220073EB003B7A00 /* NotificationAlertView.swift */; };
		C45CE27421E0CD7C0071C59D /* OnBoardingPVC.swift in Sources */ = {isa = PBXBuildFile; fileRef = C45CE27321E0CD7C0071C59D /* OnBoardingPVC.swift */; };
		C45CE27621E0CE930071C59D /* OnBoardInfoOneVC.swift in Sources */ = {isa = PBXBuildFile; fileRef = C45CE27521E0CE930071C59D /* OnBoardInfoOneVC.swift */; };
		C45CE27821E0CF010071C59D /* OnBoardInfoTwoVC.swift in Sources */ = {isa = PBXBuildFile; fileRef = C45CE27721E0CF010071C59D /* OnBoardInfoTwoVC.swift */; };
		C45CE27A21E0E2630071C59D /* HomeOnBaordVC.swift in Sources */ = {isa = PBXBuildFile; fileRef = C45CE27921E0E2630071C59D /* HomeOnBaordVC.swift */; };
		C48A57D621A22DF500D3B0E6 /* DataService.swift in Sources */ = {isa = PBXBuildFile; fileRef = C48A57D521A22DF500D3B0E6 /* DataService.swift */; };
		C48A57D821A22E0900D3B0E6 /* CliqEngine.swift in Sources */ = {isa = PBXBuildFile; fileRef = C48A57D721A22E0900D3B0E6 /* CliqEngine.swift */; };
		C48A57DA21A22E4400D3B0E6 /* Enums.swift in Sources */ = {isa = PBXBuildFile; fileRef = C48A57D921A22E4400D3B0E6 /* Enums.swift */; };
		C48BEDA821F8F6EA00D0A4F7 /* Core.swift in Sources */ = {isa = PBXBuildFile; fileRef = C48BEDA721F8F6EA00D0A4F7 /* Core.swift */; };
		C4A28E4021E01D3000ADA02D /* ActiveSectionController.swift in Sources */ = {isa = PBXBuildFile; fileRef = C4A28E3F21E01D3000ADA02D /* ActiveSectionController.swift */; };
		C4A28E4321E01EBB00ADA02D /* ActiveSectionCell.swift in Sources */ = {isa = PBXBuildFile; fileRef = C4A28E4121E01EBB00ADA02D /* ActiveSectionCell.swift */; };
		C4A28E4421E01EBB00ADA02D /* ActiveSectionCell.xib in Resources */ = {isa = PBXBuildFile; fileRef = C4A28E4221E01EBB00ADA02D /* ActiveSectionCell.xib */; };
		C4A2A42421A22A10006DFE6E /* GridPhotoSection.swift in Sources */ = {isa = PBXBuildFile; fileRef = C4A2A42321A22A10006DFE6E /* GridPhotoSection.swift */; };
		C4A2A42621A22AA8006DFE6E /* FullScreenPhotoSection.swift in Sources */ = {isa = PBXBuildFile; fileRef = C4A2A42521A22AA8006DFE6E /* FullScreenPhotoSection.swift */; };
		C4A2A42821A22B37006DFE6E /* FLUser.swift in Sources */ = {isa = PBXBuildFile; fileRef = C4A2A42721A22B37006DFE6E /* FLUser.swift */; };
		C4A2A42A21A22B4E006DFE6E /* FLCliqItem.swift in Sources */ = {isa = PBXBuildFile; fileRef = C4A2A42921A22B4E006DFE6E /* FLCliqItem.swift */; };
		C4A2A42C21A22B5E006DFE6E /* GridPhotoItem.swift in Sources */ = {isa = PBXBuildFile; fileRef = C4A2A42B21A22B5E006DFE6E /* GridPhotoItem.swift */; };
		C4A2A42E21A22BBE006DFE6E /* BaseButton.swift in Sources */ = {isa = PBXBuildFile; fileRef = C4A2A42D21A22BBE006DFE6E /* BaseButton.swift */; };
		C4A2A43021A22C21006DFE6E /* cliqCells.xib in Resources */ = {isa = PBXBuildFile; fileRef = C4A2A42F21A22C21006DFE6E /* cliqCells.xib */; };
		C4A2A43721A22C4A006DFE6E /* FullScreenCell.xib in Resources */ = {isa = PBXBuildFile; fileRef = C4A2A43121A22C3F006DFE6E /* FullScreenCell.xib */; };
		C4A2A43821A22C4A006DFE6E /* PhotoCell.swift in Sources */ = {isa = PBXBuildFile; fileRef = C4A2A43221A22C41006DFE6E /* PhotoCell.swift */; };
		C4A2A43921A22C4A006DFE6E /* CliqsCell.swift in Sources */ = {isa = PBXBuildFile; fileRef = C4A2A43321A22C42006DFE6E /* CliqsCell.swift */; };
		C4A2A43A21A22C4A006DFE6E /* SupportViews.swift in Sources */ = {isa = PBXBuildFile; fileRef = C4A2A43421A22C44006DFE6E /* SupportViews.swift */; };
		C4A2A43B21A22C4A006DFE6E /* FullScreenCell.swift in Sources */ = {isa = PBXBuildFile; fileRef = C4A2A43521A22C48006DFE6E /* FullScreenCell.swift */; };
		C4A2A43C21A22C4A006DFE6E /* PhotoCell.xib in Resources */ = {isa = PBXBuildFile; fileRef = C4A2A43621A22C4A006DFE6E /* PhotoCell.xib */; };
		C4A2A43E21A22CB5006DFE6E /* AddCliqVC.swift in Sources */ = {isa = PBXBuildFile; fileRef = C4A2A43D21A22CB5006DFE6E /* AddCliqVC.swift */; };
		C4A2A44021A22CC1006DFE6E /* PhotoFullScreenVC.swift in Sources */ = {isa = PBXBuildFile; fileRef = C4A2A43F21A22CC1006DFE6E /* PhotoFullScreenVC.swift */; };
		C4A944FB2204EE3000D40C44 /* Firestore+Extensions.swift in Sources */ = {isa = PBXBuildFile; fileRef = C4A944FA2204EE3000D40C44 /* Firestore+Extensions.swift */; };
		C4D1E08921D7894500C5ED9A /* FloqCell.swift in Sources */ = {isa = PBXBuildFile; fileRef = C4D1E08721D7894500C5ED9A /* FloqCell.swift */; };
		C4D1E08A21D7894500C5ED9A /* FloqCell.xib in Resources */ = {isa = PBXBuildFile; fileRef = C4D1E08821D7894500C5ED9A /* FloqCell.xib */; };
		C4D1E08C21D794D400C5ED9A /* NearbyCliqsVC.swift in Sources */ = {isa = PBXBuildFile; fileRef = C4D1E08B21D794D400C5ED9A /* NearbyCliqsVC.swift */; };
		C4D1E09121D8ADDD00C5ED9A /* LoggerService.swift in Sources */ = {isa = PBXBuildFile; fileRef = C4D1E09021D8ADDC00C5ED9A /* LoggerService.swift */; };
		C4D1E09321D8AE4100C5ED9A /* FoundationTypes+Extensions.swift in Sources */ = {isa = PBXBuildFile; fileRef = C4D1E09221D8AE4100C5ED9A /* FoundationTypes+Extensions.swift */; };
		C4D1E09521DA7E2E00C5ED9A /* SectionableCliq.swift in Sources */ = {isa = PBXBuildFile; fileRef = C4D1E09421DA7E2E00C5ED9A /* SectionableCliq.swift */; };
		C4D1E09721DB989000C5ED9A /* UserProfileVC.swift in Sources */ = {isa = PBXBuildFile; fileRef = C4D1E09621DB989000C5ED9A /* UserProfileVC.swift */; };
		C4D1E09921DB98D200C5ED9A /* UserSettingsTVC.swift in Sources */ = {isa = PBXBuildFile; fileRef = C4D1E09821DB98D200C5ED9A /* UserSettingsTVC.swift */; };
		C4D4F8C721FA4B3A00A26797 /* PhotosEngine.swift in Sources */ = {isa = PBXBuildFile; fileRef = C4D4F8C621FA4B3A00A26797 /* PhotosEngine.swift */; };
/* End PBXBuildFile section */

/* Begin PBXContainerItemProxy section */
		3872F63F2214874C00AC547E /* PBXContainerItemProxy */ = {
			isa = PBXContainerItemProxy;
			containerPortal = 40AA29AB1E8891E900200A3F /* Project object */;
			proxyType = 1;
			remoteGlobalIDString = 40AA29B21E8891E900200A3F;
			remoteInfo = Floq;
		};
		38B02E1E2214744D00DEEC21 /* PBXContainerItemProxy */ = {
			isa = PBXContainerItemProxy;
			containerPortal = 40AA29AB1E8891E900200A3F /* Project object */;
			proxyType = 1;
			remoteGlobalIDString = 40AA29B21E8891E900200A3F;
			remoteInfo = Floq;
		};
/* End PBXContainerItemProxy section */

/* Begin PBXFileReference section */
		057B0F75B8FF1CD316481054 /* Pods-Floq.debug.xcconfig */ = {isa = PBXFileReference; includeInIndex = 1; lastKnownFileType = text.xcconfig; name = "Pods-Floq.debug.xcconfig"; path = "Pods/Target Support Files/Pods-Floq/Pods-Floq.debug.xcconfig"; sourceTree = "<group>"; };
		3802275F227D33F0004C3DF6 /* EULAVC.swift */ = {isa = PBXFileReference; lastKnownFileType = sourcecode.swift; path = EULAVC.swift; sourceTree = "<group>"; };
		383352212282E80600DA6857 /* Subscriptions.swift */ = {isa = PBXFileReference; fileEncoding = 4; lastKnownFileType = sourcecode.swift; path = Subscriptions.swift; sourceTree = "<group>"; };
		3872F63A2214874C00AC547E /* FloqUITests.xctest */ = {isa = PBXFileReference; explicitFileType = wrapper.cfbundle; includeInIndex = 0; path = FloqUITests.xctest; sourceTree = BUILT_PRODUCTS_DIR; };
		3872F63C2214874C00AC547E /* FloqUITests.swift */ = {isa = PBXFileReference; lastKnownFileType = sourcecode.swift; path = FloqUITests.swift; sourceTree = "<group>"; };
		3872F63E2214874C00AC547E /* Info.plist */ = {isa = PBXFileReference; lastKnownFileType = text.plist.xml; path = Info.plist; sourceTree = "<group>"; };
		3877A9F322E2094B007FBCE3 /* AddCommentVC.swift */ = {isa = PBXFileReference; lastKnownFileType = sourcecode.swift; path = AddCommentVC.swift; sourceTree = "<group>"; };
		3877A9F622E34177007FBCE3 /* LayoutProperty.swift */ = {isa = PBXFileReference; fileEncoding = 4; lastKnownFileType = sourcecode.swift; path = LayoutProperty.swift; sourceTree = "<group>"; };
		3877A9F722E34177007FBCE3 /* Protocols.swift */ = {isa = PBXFileReference; fileEncoding = 4; lastKnownFileType = sourcecode.swift; path = Protocols.swift; sourceTree = "<group>"; };
		3877A9F822E34177007FBCE3 /* Opereators.swift */ = {isa = PBXFileReference; fileEncoding = 4; lastKnownFileType = sourcecode.swift; path = Opereators.swift; sourceTree = "<group>"; };
		3877A9FC22E3536A007FBCE3 /* LoadMoreCells.swift */ = {isa = PBXFileReference; lastKnownFileType = sourcecode.swift; path = LoadMoreCells.swift; sourceTree = "<group>"; };
		3877A9FD22E3536A007FBCE3 /* LoadMoreCells.xib */ = {isa = PBXFileReference; lastKnownFileType = file.xib; path = LoadMoreCells.xib; sourceTree = "<group>"; };
		3877AA0022E361A4007FBCE3 /* SmartAlertView.swift */ = {isa = PBXFileReference; lastKnownFileType = sourcecode.swift; path = SmartAlertView.swift; sourceTree = "<group>"; };
		387F84F9228AC7D700FC3226 /* BlockedUsersVC.swift */ = {isa = PBXFileReference; lastKnownFileType = sourcecode.swift; path = BlockedUsersVC.swift; sourceTree = "<group>"; };
		3895DCFC22183FD6009C5CA6 /* SocialSharing.swift */ = {isa = PBXFileReference; lastKnownFileType = sourcecode.swift; path = SocialSharing.swift; sourceTree = "<group>"; };
		38B02E192214744D00DEEC21 /* FloqTests.xctest */ = {isa = PBXFileReference; explicitFileType = wrapper.cfbundle; includeInIndex = 0; path = FloqTests.xctest; sourceTree = BUILT_PRODUCTS_DIR; };
		38B02E1B2214744D00DEEC21 /* FloqTests.swift */ = {isa = PBXFileReference; lastKnownFileType = sourcecode.swift; path = FloqTests.swift; sourceTree = "<group>"; };
		38B02E1D2214744D00DEEC21 /* Info.plist */ = {isa = PBXFileReference; lastKnownFileType = text.plist.xml; path = Info.plist; sourceTree = "<group>"; };
		38CC9EB922EF050C00483DC7 /* CommentsInputView copy.swift */ = {isa = PBXFileReference; fileEncoding = 4; lastKnownFileType = sourcecode.swift; path = "CommentsInputView copy.swift"; sourceTree = "<group>"; };
		38CF258F22DCCA2D008BEDDF /* FLComments.swift */ = {isa = PBXFileReference; lastKnownFileType = sourcecode.swift; path = FLComments.swift; sourceTree = "<group>"; };
		38CF259122DD4FD1008BEDDF /* CommentEngine.swift */ = {isa = PBXFileReference; lastKnownFileType = sourcecode.swift; path = CommentEngine.swift; sourceTree = "<group>"; };
		38CF259422DFA34E008BEDDF /* CommentsVC.swift */ = {isa = PBXFileReference; lastKnownFileType = sourcecode.swift; path = CommentsVC.swift; sourceTree = "<group>"; };
		38CF259622DFA46D008BEDDF /* CommentCell.swift */ = {isa = PBXFileReference; lastKnownFileType = sourcecode.swift; path = CommentCell.swift; sourceTree = "<group>"; };
		38CF259722DFA46D008BEDDF /* CommentCell.xib */ = {isa = PBXFileReference; lastKnownFileType = file.xib; path = CommentCell.xib; sourceTree = "<group>"; };
		38CFAB0F2288B8A900D40330 /* FloatyWindow.swift */ = {isa = PBXFileReference; fileEncoding = 4; lastKnownFileType = sourcecode.swift; path = FloatyWindow.swift; sourceTree = "<group>"; };
		38CFAB102288B8AA00D40330 /* FloatyItem.swift */ = {isa = PBXFileReference; fileEncoding = 4; lastKnownFileType = sourcecode.swift; path = FloatyItem.swift; sourceTree = "<group>"; };
		38CFAB112288B8AA00D40330 /* Floaty.swift */ = {isa = PBXFileReference; fileEncoding = 4; lastKnownFileType = sourcecode.swift; path = Floaty.swift; sourceTree = "<group>"; };
		38CFAB122288B8AB00D40330 /* FloatyDelegate.swift */ = {isa = PBXFileReference; fileEncoding = 4; lastKnownFileType = sourcecode.swift; path = FloatyDelegate.swift; sourceTree = "<group>"; };
		38CFAB132288B8AC00D40330 /* FloatyManager.swift */ = {isa = PBXFileReference; fileEncoding = 4; lastKnownFileType = sourcecode.swift; path = FloatyManager.swift; sourceTree = "<group>"; };
		38CFAB142288B8AC00D40330 /* UIView+Draggable.swift */ = {isa = PBXFileReference; fileEncoding = 4; lastKnownFileType = sourcecode.swift; path = "UIView+Draggable.swift"; sourceTree = "<group>"; };
		38CFAB152288B8AD00D40330 /* FloatyViewController.swift */ = {isa = PBXFileReference; fileEncoding = 4; lastKnownFileType = sourcecode.swift; path = FloatyViewController.swift; sourceTree = "<group>"; };
		4048BD421E88B76B00BA8BDA /* GoogleService-Info.plist */ = {isa = PBXFileReference; fileEncoding = 4; lastKnownFileType = text.plist.xml; path = "GoogleService-Info.plist"; sourceTree = "<group>"; };
		4054328B1FC9C82600725AF9 /* Floq.entitlements */ = {isa = PBXFileReference; lastKnownFileType = text.plist.entitlements; path = Floq.entitlements; sourceTree = "<group>"; };
		406493811FDDAC3F00224DF8 /* PhotoSection.swift */ = {isa = PBXFileReference; fileEncoding = 4; lastKnownFileType = sourcecode.swift; path = PhotoSection.swift; sourceTree = "<group>"; };
		407997F71FDCDF8900AAE42A /* ImageCell.swift */ = {isa = PBXFileReference; fileEncoding = 4; lastKnownFileType = sourcecode.swift; path = ImageCell.swift; sourceTree = "<group>"; };
		407997F81FDCDF8900AAE42A /* PhotosVC.swift */ = {isa = PBXFileReference; fileEncoding = 4; lastKnownFileType = sourcecode.swift; path = PhotosVC.swift; sourceTree = "<group>"; };
		407997FD1FDCE0ED00AAE42A /* LabelCell.swift */ = {isa = PBXFileReference; fileEncoding = 4; lastKnownFileType = sourcecode.swift; path = LabelCell.swift; sourceTree = "<group>"; };
		40A1F74020F2F80F00DDA0B1 /* HomeVC.swift */ = {isa = PBXFileReference; lastKnownFileType = sourcecode.swift; path = HomeVC.swift; sourceTree = "<group>"; };
		40A1F74420F300DD00DDA0B1 /* CreateCliqVC.swift */ = {isa = PBXFileReference; lastKnownFileType = sourcecode.swift; path = CreateCliqVC.swift; sourceTree = "<group>"; };
		40A1F74720F3052E00DDA0B1 /* FloatLabelTextField.swift */ = {isa = PBXFileReference; lastKnownFileType = sourcecode.swift; path = FloatLabelTextField.swift; sourceTree = "<group>"; };
		40A1F74920F3056B00DDA0B1 /* CustomCells.swift */ = {isa = PBXFileReference; lastKnownFileType = sourcecode.swift; path = CustomCells.swift; sourceTree = "<group>"; };
		40A1F74C20F3082800DDA0B1 /* ImagePickerController.swift */ = {isa = PBXFileReference; lastKnownFileType = sourcecode.swift; path = ImagePickerController.swift; sourceTree = "<group>"; };
		40A1F74E20F3083A00DDA0B1 /* ImageRow.swift */ = {isa = PBXFileReference; lastKnownFileType = sourcecode.swift; path = ImageRow.swift; sourceTree = "<group>"; };
		40AA29B31E8891E900200A3F /* Floq.app */ = {isa = PBXFileReference; explicitFileType = wrapper.application; includeInIndex = 0; path = Floq.app; sourceTree = BUILT_PRODUCTS_DIR; };
		40AA29B61E8891E900200A3F /* AppDelegate.swift */ = {isa = PBXFileReference; lastKnownFileType = sourcecode.swift; path = AppDelegate.swift; sourceTree = "<group>"; };
		40AA29BB1E8891E900200A3F /* Base */ = {isa = PBXFileReference; lastKnownFileType = file.storyboard; name = Base; path = Base.lproj/Main.storyboard; sourceTree = "<group>"; };
		40AA29BD1E8891E900200A3F /* Assets.xcassets */ = {isa = PBXFileReference; lastKnownFileType = folder.assetcatalog; path = Assets.xcassets; sourceTree = "<group>"; };
		40AA29C01E8891E900200A3F /* Base */ = {isa = PBXFileReference; lastKnownFileType = file.storyboard; name = Base; path = Base.lproj/LaunchScreen.storyboard; sourceTree = "<group>"; };
		40AA29C21E8891E900200A3F /* Info.plist */ = {isa = PBXFileReference; lastKnownFileType = text.plist.xml; path = Info.plist; sourceTree = "<group>"; };
		40FED65E1FDE0E4800EC5974 /* PhotoItem.swift */ = {isa = PBXFileReference; lastKnownFileType = sourcecode.swift; path = PhotoItem.swift; sourceTree = "<group>"; };
		48674A44BA36DB0F31439238 /* Pods_Floq.framework */ = {isa = PBXFileReference; explicitFileType = wrapper.framework; includeInIndex = 0; path = Pods_Floq.framework; sourceTree = BUILT_PRODUCTS_DIR; };
		6285A53FB34E03B9DFF66883 /* Pods-Floq.release.xcconfig */ = {isa = PBXFileReference; includeInIndex = 1; lastKnownFileType = text.xcconfig; name = "Pods-Floq.release.xcconfig"; path = "Pods/Target Support Files/Pods-Floq/Pods-Floq.release.xcconfig"; sourceTree = "<group>"; };
		C400093022072C16004B6067 /* UIImage+Gif.swift */ = {isa = PBXFileReference; fileEncoding = 4; lastKnownFileType = sourcecode.swift; path = "UIImage+Gif.swift"; sourceTree = "<group>"; };
		C40FC38E21DE552400CD39A8 /* ProfileImageVC.swift */ = {isa = PBXFileReference; lastKnownFileType = sourcecode.swift; path = ProfileImageVC.swift; sourceTree = "<group>"; };
		C416EC9521D623AB00ECEE2C /* CustomAlbum.swift */ = {isa = PBXFileReference; lastKnownFileType = sourcecode.swift; path = CustomAlbum.swift; sourceTree = "<group>"; };
		C41EBFAF21E145430094EBC6 /* LoginVC.swift */ = {isa = PBXFileReference; fileEncoding = 4; lastKnownFileType = sourcecode.swift; name = LoginVC.swift; path = "Floq/New Group1/LoginVC.swift"; sourceTree = SOURCE_ROOT; };
		C42D00F221FCF318007065DF /* Floq-Bridging-Header.h */ = {isa = PBXFileReference; lastKnownFileType = sourcecode.c.h; path = "Floq-Bridging-Header.h"; sourceTree = "<group>"; };
		C430B79021E100E70010F2AE /* FinalOnBoardVC.swift */ = {isa = PBXFileReference; lastKnownFileType = sourcecode.swift; path = FinalOnBoardVC.swift; sourceTree = "<group>"; };
		C434C50A21DBA9DB003333A1 /* FIRStorage+Extensions.swift */ = {isa = PBXFileReference; lastKnownFileType = sourcecode.swift; path = "FIRStorage+Extensions.swift"; sourceTree = "<group>"; };
		C434C50C21DBBEEC003333A1 /* UIKitModules+Extensions.swift */ = {isa = PBXFileReference; lastKnownFileType = sourcecode.swift; path = "UIKitModules+Extensions.swift"; sourceTree = "<group>"; };
		C434C50E21DBEB48003333A1 /* FirebaseAuth+Extensions.swift */ = {isa = PBXFileReference; lastKnownFileType = sourcecode.swift; path = "FirebaseAuth+Extensions.swift"; sourceTree = "<group>"; };
		C434C51021DCBE33003333A1 /* MyCliqsVC.swift */ = {isa = PBXFileReference; lastKnownFileType = sourcecode.swift; path = MyCliqsVC.swift; sourceTree = "<group>"; };
		C434C51221DD2A32003333A1 /* UserListCell.swift */ = {isa = PBXFileReference; lastKnownFileType = sourcecode.swift; path = UserListCell.swift; sourceTree = "<group>"; };
		C434C51421DD2BA0003333A1 /* UserListVC.swift */ = {isa = PBXFileReference; lastKnownFileType = sourcecode.swift; path = UserListVC.swift; sourceTree = "<group>"; };
		C43B8D5222006126003B7A00 /* ForceUpdateVC.swift */ = {isa = PBXFileReference; lastKnownFileType = sourcecode.swift; path = ForceUpdateVC.swift; sourceTree = "<group>"; };
		C43B8D5422006B30003B7A00 /* UpdateInfo.swift */ = {isa = PBXFileReference; lastKnownFileType = sourcecode.swift; path = UpdateInfo.swift; sourceTree = "<group>"; };
		C43B8D56220073EB003B7A00 /* NotificationAlertView.swift */ = {isa = PBXFileReference; lastKnownFileType = sourcecode.swift; path = NotificationAlertView.swift; sourceTree = "<group>"; };
		C45CE27321E0CD7C0071C59D /* OnBoardingPVC.swift */ = {isa = PBXFileReference; lastKnownFileType = sourcecode.swift; path = OnBoardingPVC.swift; sourceTree = "<group>"; };
		C45CE27521E0CE930071C59D /* OnBoardInfoOneVC.swift */ = {isa = PBXFileReference; lastKnownFileType = sourcecode.swift; path = OnBoardInfoOneVC.swift; sourceTree = "<group>"; };
		C45CE27721E0CF010071C59D /* OnBoardInfoTwoVC.swift */ = {isa = PBXFileReference; lastKnownFileType = sourcecode.swift; path = OnBoardInfoTwoVC.swift; sourceTree = "<group>"; };
		C45CE27921E0E2630071C59D /* HomeOnBaordVC.swift */ = {isa = PBXFileReference; lastKnownFileType = sourcecode.swift; path = HomeOnBaordVC.swift; sourceTree = "<group>"; };
		C48A57D521A22DF500D3B0E6 /* DataService.swift */ = {isa = PBXFileReference; fileEncoding = 4; lastKnownFileType = sourcecode.swift; path = DataService.swift; sourceTree = "<group>"; };
		C48A57D721A22E0900D3B0E6 /* CliqEngine.swift */ = {isa = PBXFileReference; fileEncoding = 4; lastKnownFileType = sourcecode.swift; path = CliqEngine.swift; sourceTree = "<group>"; };
		C48A57D921A22E4400D3B0E6 /* Enums.swift */ = {isa = PBXFileReference; fileEncoding = 4; lastKnownFileType = sourcecode.swift; path = Enums.swift; sourceTree = "<group>"; };
		C48BEDA721F8F6EA00D0A4F7 /* Core.swift */ = {isa = PBXFileReference; lastKnownFileType = sourcecode.swift; path = Core.swift; sourceTree = "<group>"; };
		C4A28E3F21E01D3000ADA02D /* ActiveSectionController.swift */ = {isa = PBXFileReference; lastKnownFileType = sourcecode.swift; path = ActiveSectionController.swift; sourceTree = "<group>"; };
		C4A28E4121E01EBB00ADA02D /* ActiveSectionCell.swift */ = {isa = PBXFileReference; lastKnownFileType = sourcecode.swift; path = ActiveSectionCell.swift; sourceTree = "<group>"; };
		C4A28E4221E01EBB00ADA02D /* ActiveSectionCell.xib */ = {isa = PBXFileReference; lastKnownFileType = file.xib; path = ActiveSectionCell.xib; sourceTree = "<group>"; };
		C4A2A42321A22A10006DFE6E /* GridPhotoSection.swift */ = {isa = PBXFileReference; lastKnownFileType = sourcecode.swift; path = GridPhotoSection.swift; sourceTree = "<group>"; };
		C4A2A42521A22AA8006DFE6E /* FullScreenPhotoSection.swift */ = {isa = PBXFileReference; lastKnownFileType = sourcecode.swift; path = FullScreenPhotoSection.swift; sourceTree = "<group>"; };
		C4A2A42721A22B37006DFE6E /* FLUser.swift */ = {isa = PBXFileReference; fileEncoding = 4; lastKnownFileType = sourcecode.swift; path = FLUser.swift; sourceTree = "<group>"; };
		C4A2A42921A22B4E006DFE6E /* FLCliqItem.swift */ = {isa = PBXFileReference; fileEncoding = 4; lastKnownFileType = sourcecode.swift; path = FLCliqItem.swift; sourceTree = "<group>"; };
		C4A2A42B21A22B5E006DFE6E /* GridPhotoItem.swift */ = {isa = PBXFileReference; fileEncoding = 4; lastKnownFileType = sourcecode.swift; path = GridPhotoItem.swift; sourceTree = "<group>"; };
		C4A2A42D21A22BBE006DFE6E /* BaseButton.swift */ = {isa = PBXFileReference; fileEncoding = 4; lastKnownFileType = sourcecode.swift; path = BaseButton.swift; sourceTree = "<group>"; };
		C4A2A42F21A22C21006DFE6E /* cliqCells.xib */ = {isa = PBXFileReference; fileEncoding = 4; lastKnownFileType = file.xib; path = cliqCells.xib; sourceTree = "<group>"; };
		C4A2A43121A22C3F006DFE6E /* FullScreenCell.xib */ = {isa = PBXFileReference; fileEncoding = 4; lastKnownFileType = file.xib; path = FullScreenCell.xib; sourceTree = "<group>"; };
		C4A2A43221A22C41006DFE6E /* PhotoCell.swift */ = {isa = PBXFileReference; fileEncoding = 4; lastKnownFileType = sourcecode.swift; path = PhotoCell.swift; sourceTree = "<group>"; };
		C4A2A43321A22C42006DFE6E /* CliqsCell.swift */ = {isa = PBXFileReference; fileEncoding = 4; lastKnownFileType = sourcecode.swift; path = CliqsCell.swift; sourceTree = "<group>"; };
		C4A2A43421A22C44006DFE6E /* SupportViews.swift */ = {isa = PBXFileReference; fileEncoding = 4; lastKnownFileType = sourcecode.swift; path = SupportViews.swift; sourceTree = "<group>"; };
		C4A2A43521A22C48006DFE6E /* FullScreenCell.swift */ = {isa = PBXFileReference; fileEncoding = 4; lastKnownFileType = sourcecode.swift; path = FullScreenCell.swift; sourceTree = "<group>"; };
		C4A2A43621A22C4A006DFE6E /* PhotoCell.xib */ = {isa = PBXFileReference; fileEncoding = 4; lastKnownFileType = file.xib; path = PhotoCell.xib; sourceTree = "<group>"; };
		C4A2A43D21A22CB5006DFE6E /* AddCliqVC.swift */ = {isa = PBXFileReference; fileEncoding = 4; lastKnownFileType = sourcecode.swift; path = AddCliqVC.swift; sourceTree = "<group>"; };
		C4A2A43F21A22CC1006DFE6E /* PhotoFullScreenVC.swift */ = {isa = PBXFileReference; fileEncoding = 4; lastKnownFileType = sourcecode.swift; path = PhotoFullScreenVC.swift; sourceTree = "<group>"; };
		C4A944FA2204EE3000D40C44 /* Firestore+Extensions.swift */ = {isa = PBXFileReference; fileEncoding = 4; lastKnownFileType = sourcecode.swift; path = "Firestore+Extensions.swift"; sourceTree = "<group>"; };
		C4D1E08721D7894500C5ED9A /* FloqCell.swift */ = {isa = PBXFileReference; lastKnownFileType = sourcecode.swift; path = FloqCell.swift; sourceTree = "<group>"; };
		C4D1E08821D7894500C5ED9A /* FloqCell.xib */ = {isa = PBXFileReference; lastKnownFileType = file.xib; path = FloqCell.xib; sourceTree = "<group>"; };
		C4D1E08B21D794D400C5ED9A /* NearbyCliqsVC.swift */ = {isa = PBXFileReference; lastKnownFileType = sourcecode.swift; path = NearbyCliqsVC.swift; sourceTree = "<group>"; };
		C4D1E09021D8ADDC00C5ED9A /* LoggerService.swift */ = {isa = PBXFileReference; fileEncoding = 4; lastKnownFileType = sourcecode.swift; path = LoggerService.swift; sourceTree = "<group>"; };
		C4D1E09221D8AE4100C5ED9A /* FoundationTypes+Extensions.swift */ = {isa = PBXFileReference; lastKnownFileType = sourcecode.swift; path = "FoundationTypes+Extensions.swift"; sourceTree = "<group>"; };
		C4D1E09421DA7E2E00C5ED9A /* SectionableCliq.swift */ = {isa = PBXFileReference; lastKnownFileType = sourcecode.swift; path = SectionableCliq.swift; sourceTree = "<group>"; };
		C4D1E09621DB989000C5ED9A /* UserProfileVC.swift */ = {isa = PBXFileReference; lastKnownFileType = sourcecode.swift; path = UserProfileVC.swift; sourceTree = "<group>"; };
		C4D1E09821DB98D200C5ED9A /* UserSettingsTVC.swift */ = {isa = PBXFileReference; lastKnownFileType = sourcecode.swift; path = UserSettingsTVC.swift; sourceTree = "<group>"; };
		C4D4F8C621FA4B3A00A26797 /* PhotosEngine.swift */ = {isa = PBXFileReference; lastKnownFileType = sourcecode.swift; path = PhotosEngine.swift; sourceTree = "<group>"; };
/* End PBXFileReference section */

/* Begin PBXFrameworksBuildPhase section */
		3872F6372214874C00AC547E /* Frameworks */ = {
			isa = PBXFrameworksBuildPhase;
			buildActionMask = 2147483647;
			files = (
			);
			runOnlyForDeploymentPostprocessing = 0;
		};
		38B02E162214744D00DEEC21 /* Frameworks */ = {
			isa = PBXFrameworksBuildPhase;
			buildActionMask = 2147483647;
			files = (
			);
			runOnlyForDeploymentPostprocessing = 0;
		};
		40AA29B01E8891E900200A3F /* Frameworks */ = {
			isa = PBXFrameworksBuildPhase;
			buildActionMask = 2147483647;
			files = (
				BDD0D20C19D0DD84BDB5C758 /* Pods_Floq.framework in Frameworks */,
			);
			runOnlyForDeploymentPostprocessing = 0;
		};
/* End PBXFrameworksBuildPhase section */

/* Begin PBXGroup section */
		383352202282E80600DA6857 /* Subscriptions */ = {
			isa = PBXGroup;
			children = (
				383352212282E80600DA6857 /* Subscriptions.swift */,
			);
			path = Subscriptions;
			sourceTree = "<group>";
		};
		3872F63B2214874C00AC547E /* FloqUITests */ = {
			isa = PBXGroup;
			children = (
				3872F63C2214874C00AC547E /* FloqUITests.swift */,
				3872F63E2214874C00AC547E /* Info.plist */,
			);
			path = FloqUITests;
			sourceTree = "<group>";
		};
		3877A9F522E34177007FBCE3 /* AutoLayoutDSL */ = {
			isa = PBXGroup;
			children = (
				3877A9F622E34177007FBCE3 /* LayoutProperty.swift */,
				3877A9F722E34177007FBCE3 /* Protocols.swift */,
				3877A9F822E34177007FBCE3 /* Opereators.swift */,
			);
			path = AutoLayoutDSL;
			sourceTree = "<group>";
		};
		38B02E1A2214744D00DEEC21 /* FloqTests */ = {
			isa = PBXGroup;
			children = (
				38B02E1B2214744D00DEEC21 /* FloqTests.swift */,
				38B02E1D2214744D00DEEC21 /* Info.plist */,
			);
			path = FloqTests;
			sourceTree = "<group>";
		};
		38CF259322DFA318008BEDDF /* Comments */ = {
			isa = PBXGroup;
			children = (
				38CF259422DFA34E008BEDDF /* CommentsVC.swift */,
				3877A9F322E2094B007FBCE3 /* AddCommentVC.swift */,
			);
			path = Comments;
			sourceTree = "<group>";
		};
		38CFAAB42288B44800D40330 /* Frameworks */ = {
			isa = PBXGroup;
			children = (
				3877A9F522E34177007FBCE3 /* AutoLayoutDSL */,
				38CFAB0E2288B89A00D40330 /* Floaty */,
			);
			path = Frameworks;
			sourceTree = "<group>";
		};
		38CFAB0E2288B89A00D40330 /* Floaty */ = {
			isa = PBXGroup;
			children = (
				38CFAB112288B8AA00D40330 /* Floaty.swift */,
				38CFAB122288B8AB00D40330 /* FloatyDelegate.swift */,
				38CFAB102288B8AA00D40330 /* FloatyItem.swift */,
				38CFAB132288B8AC00D40330 /* FloatyManager.swift */,
				38CFAB152288B8AD00D40330 /* FloatyViewController.swift */,
				38CFAB0F2288B8A900D40330 /* FloatyWindow.swift */,
				38CFAB142288B8AC00D40330 /* UIView+Draggable.swift */,
			);
			path = Floaty;
			sourceTree = "<group>";
		};
		40A1F74620F3051E00DDA0B1 /* CustomEurekaFiles */ = {
			isa = PBXGroup;
			children = (
				40A1F74B20F3080A00DDA0B1 /* ImageRow */,
				40A1F74720F3052E00DDA0B1 /* FloatLabelTextField.swift */,
				40A1F74920F3056B00DDA0B1 /* CustomCells.swift */,
			);
			path = CustomEurekaFiles;
			sourceTree = "<group>";
		};
		40A1F74B20F3080A00DDA0B1 /* ImageRow */ = {
			isa = PBXGroup;
			children = (
				40A1F74C20F3082800DDA0B1 /* ImagePickerController.swift */,
				40A1F74E20F3083A00DDA0B1 /* ImageRow.swift */,
			);
			path = ImageRow;
			sourceTree = "<group>";
		};
		40AA29AA1E8891E900200A3F = {
			isa = PBXGroup;
			children = (
				40AA29B51E8891E900200A3F /* Floq */,
				38B02E1A2214744D00DEEC21 /* FloqTests */,
				3872F63B2214874C00AC547E /* FloqUITests */,
				40AA29B41E8891E900200A3F /* Products */,
				DC970CADBD80A1EFC9A0A3CD /* Pods */,
				C6C4421E77313EAEA9683D29 /* Frameworks */,
			);
			sourceTree = "<group>";
		};
		40AA29B41E8891E900200A3F /* Products */ = {
			isa = PBXGroup;
			children = (
				40AA29B31E8891E900200A3F /* Floq.app */,
				38B02E192214744D00DEEC21 /* FloqTests.xctest */,
				3872F63A2214874C00AC547E /* FloqUITests.xctest */,
			);
			name = Products;
			sourceTree = "<group>";
		};
		40AA29B51E8891E900200A3F /* Floq */ = {
			isa = PBXGroup;
			children = (
				38CFAAB42288B44800D40330 /* Frameworks */,
				C4A6FAA42201973A00D3F789 /* App */,
				C4A2A42221A22959006DFE6E /* Controller */,
				C48BEDA621F8F52B00D0A4F7 /* Engine */,
				C4D1E08F21D8AC8800C5ED9A /* Extensions */,
				C4A2A42021A22944006DFE6E /* Model */,
				C4A6FAA5220197C900D3F789 /* Resources */,
				C49F793421FF186600E92512 /* Services */,
				C430B79321E12B1E0010F2AE /* Sources */,
				C4A2A42121A2294C006DFE6E /* Views */,
			);
			path = Floq;
			sourceTree = "<group>";
		};
		C400092F22072C01004B6067 /* SwiftGif */ = {
			isa = PBXGroup;
			children = (
				C400093022072C16004B6067 /* UIImage+Gif.swift */,
			);
			path = SwiftGif;
			sourceTree = "<group>";
		};
		C430B79221E1110E0010F2AE /* Depracated */ = {
			isa = PBXGroup;
			children = (
				C41EBFAF21E145430094EBC6 /* LoginVC.swift */,
				40A1F74420F300DD00DDA0B1 /* CreateCliqVC.swift */,
			);
			path = Depracated;
			sourceTree = "<group>";
		};
		C430B79321E12B1E0010F2AE /* Sources */ = {
			isa = PBXGroup;
			children = (
				C400092F22072C01004B6067 /* SwiftGif */,
				C430B79221E1110E0010F2AE /* Depracated */,
				40A1F74620F3051E00DDA0B1 /* CustomEurekaFiles */,
			);
			path = Sources;
			sourceTree = "<group>";
		};
		C45CE27221E0C96E0071C59D /* OnBoarding */ = {
			isa = PBXGroup;
			children = (
				C45CE27321E0CD7C0071C59D /* OnBoardingPVC.swift */,
				C45CE27521E0CE930071C59D /* OnBoardInfoOneVC.swift */,
				C45CE27721E0CF010071C59D /* OnBoardInfoTwoVC.swift */,
				C45CE27921E0E2630071C59D /* HomeOnBaordVC.swift */,
				C430B79021E100E70010F2AE /* FinalOnBoardVC.swift */,
				3802275F227D33F0004C3DF6 /* EULAVC.swift */,
			);
			path = OnBoarding;
			sourceTree = "<group>";
		};
		C48BEDA621F8F52B00D0A4F7 /* Engine */ = {
			isa = PBXGroup;
			children = (
				C48A57D721A22E0900D3B0E6 /* CliqEngine.swift */,
				C48BEDA721F8F6EA00D0A4F7 /* Core.swift */,
				C4D4F8C621FA4B3A00A26797 /* PhotosEngine.swift */,
				C42D00F221FCF318007065DF /* Floq-Bridging-Header.h */,
				38CF259122DD4FD1008BEDDF /* CommentEngine.swift */,
			);
			path = Engine;
			sourceTree = "<group>";
		};
		C49F793021FF170300E92512 /* Cliqs */ = {
			isa = PBXGroup;
			children = (
				40A1F74020F2F80F00DDA0B1 /* HomeVC.swift */,
				C4A2A43D21A22CB5006DFE6E /* AddCliqVC.swift */,
				C4D1E08B21D794D400C5ED9A /* NearbyCliqsVC.swift */,
				C434C51021DCBE33003333A1 /* MyCliqsVC.swift */,
			);
			path = Cliqs;
			sourceTree = "<group>";
		};
		C49F793121FF173000E92512 /* Photos */ = {
			isa = PBXGroup;
			children = (
				407997F81FDCDF8900AAE42A /* PhotosVC.swift */,
				C4A2A43F21A22CC1006DFE6E /* PhotoFullScreenVC.swift */,
				C434C51421DD2BA0003333A1 /* UserListVC.swift */,
			);
			path = Photos;
			sourceTree = "<group>";
		};
		C49F793221FF174F00E92512 /* Profile */ = {
			isa = PBXGroup;
			children = (
				C40FC38E21DE552400CD39A8 /* ProfileImageVC.swift */,
				C4D1E09821DB98D200C5ED9A /* UserSettingsTVC.swift */,
				C4D1E09621DB989000C5ED9A /* UserProfileVC.swift */,
				387F84F9228AC7D700FC3226 /* BlockedUsersVC.swift */,
			);
			path = Profile;
			sourceTree = "<group>";
		};
		C49F793321FF17DE00E92512 /* Updates */ = {
			isa = PBXGroup;
			children = (
				C43B8D5222006126003B7A00 /* ForceUpdateVC.swift */,
			);
			path = Updates;
			sourceTree = "<group>";
		};
		C49F793421FF186600E92512 /* Services */ = {
			isa = PBXGroup;
			children = (
				C4D1E09021D8ADDC00C5ED9A /* LoggerService.swift */,
				C48A57D521A22DF500D3B0E6 /* DataService.swift */,
				C416EC9521D623AB00ECEE2C /* CustomAlbum.swift */,
				3895DCFC22183FD6009C5CA6 /* SocialSharing.swift */,
			);
			path = Services;
			sourceTree = "<group>";
		};
		C4A2A41E21A22910006DFE6E /* SectionControllers */ = {
			isa = PBXGroup;
			children = (
				406493811FDDAC3F00224DF8 /* PhotoSection.swift */,
				C4A2A42321A22A10006DFE6E /* GridPhotoSection.swift */,
				C4A2A42521A22AA8006DFE6E /* FullScreenPhotoSection.swift */,
				C4A28E3F21E01D3000ADA02D /* ActiveSectionController.swift */,
			);
			path = SectionControllers;
			sourceTree = "<group>";
		};
		C4A2A42021A22944006DFE6E /* Model */ = {
			isa = PBXGroup;
			children = (
				C48A57D921A22E4400D3B0E6 /* Enums.swift */,
				C4A2A42B21A22B5E006DFE6E /* GridPhotoItem.swift */,
				C4A2A42921A22B4E006DFE6E /* FLCliqItem.swift */,
				C4A2A42721A22B37006DFE6E /* FLUser.swift */,
				40FED65E1FDE0E4800EC5974 /* PhotoItem.swift */,
				C4D1E09421DA7E2E00C5ED9A /* SectionableCliq.swift */,
				C43B8D5422006B30003B7A00 /* UpdateInfo.swift */,
				38CF258F22DCCA2D008BEDDF /* FLComments.swift */,
			);
			name = Model;
			path = "New Group";
			sourceTree = "<group>";
		};
		C4A2A42121A2294C006DFE6E /* Views */ = {
			isa = PBXGroup;
			children = (
				40AA29BF1E8891E900200A3F /* LaunchScreen.storyboard */,
				40AA29BA1E8891E900200A3F /* Main.storyboard */,
				C4A2A42F21A22C21006DFE6E /* cliqCells.xib */,
				407997F71FDCDF8900AAE42A /* ImageCell.swift */,
				407997FD1FDCE0ED00AAE42A /* LabelCell.swift */,
				C4A2A42D21A22BBE006DFE6E /* BaseButton.swift */,
				C4A2A43321A22C42006DFE6E /* CliqsCell.swift */,
				C4A2A43521A22C48006DFE6E /* FullScreenCell.swift */,
				C4A2A43121A22C3F006DFE6E /* FullScreenCell.xib */,
				C4A2A43221A22C41006DFE6E /* PhotoCell.swift */,
				C4A2A43621A22C4A006DFE6E /* PhotoCell.xib */,
				C4A2A43421A22C44006DFE6E /* SupportViews.swift */,
				C4D1E08721D7894500C5ED9A /* FloqCell.swift */,
				C4D1E08821D7894500C5ED9A /* FloqCell.xib */,
				C434C51221DD2A32003333A1 /* UserListCell.swift */,
				C4A28E4121E01EBB00ADA02D /* ActiveSectionCell.swift */,
				C4A28E4221E01EBB00ADA02D /* ActiveSectionCell.xib */,
				C43B8D56220073EB003B7A00 /* NotificationAlertView.swift */,
				38CF259622DFA46D008BEDDF /* CommentCell.swift */,
				38CF259722DFA46D008BEDDF /* CommentCell.xib */,
				3877A9FC22E3536A007FBCE3 /* LoadMoreCells.swift */,
				3877A9FD22E3536A007FBCE3 /* LoadMoreCells.xib */,
				3877AA0022E361A4007FBCE3 /* SmartAlertView.swift */,
				38CC9EB922EF050C00483DC7 /* CommentsInputView copy.swift */,
			);
			name = Views;
			path = "New Group";
			sourceTree = "<group>";
		};
		C4A2A42221A22959006DFE6E /* Controller */ = {
			isa = PBXGroup;
			children = (
				38CF259322DFA318008BEDDF /* Comments */,
				C49F793321FF17DE00E92512 /* Updates */,
				C49F793221FF174F00E92512 /* Profile */,
				C49F793121FF173000E92512 /* Photos */,
				C49F793021FF170300E92512 /* Cliqs */,
				C45CE27221E0C96E0071C59D /* OnBoarding */,
				C4A2A41E21A22910006DFE6E /* SectionControllers */,
			);
			name = Controller;
			sourceTree = "<group>";
		};
		C4A6FAA42201973A00D3F789 /* App */ = {
			isa = PBXGroup;
			children = (
				383352202282E80600DA6857 /* Subscriptions */,
				40AA29B61E8891E900200A3F /* AppDelegate.swift */,
			);
			path = App;
			sourceTree = "<group>";
		};
		C4A6FAA5220197C900D3F789 /* Resources */ = {
			isa = PBXGroup;
			children = (
				4054328B1FC9C82600725AF9 /* Floq.entitlements */,
				40AA29C21E8891E900200A3F /* Info.plist */,
				4048BD421E88B76B00BA8BDA /* GoogleService-Info.plist */,
				40AA29BD1E8891E900200A3F /* Assets.xcassets */,
			);
			path = Resources;
			sourceTree = "<group>";
		};
		C4D1E08F21D8AC8800C5ED9A /* Extensions */ = {
			isa = PBXGroup;
			children = (
				C4A944FA2204EE3000D40C44 /* Firestore+Extensions.swift */,
				C434C50E21DBEB48003333A1 /* FirebaseAuth+Extensions.swift */,
				C4D1E09221D8AE4100C5ED9A /* FoundationTypes+Extensions.swift */,
				C434C50A21DBA9DB003333A1 /* FIRStorage+Extensions.swift */,
				C434C50C21DBBEEC003333A1 /* UIKitModules+Extensions.swift */,
			);
			path = Extensions;
			sourceTree = "<group>";
		};
		C6C4421E77313EAEA9683D29 /* Frameworks */ = {
			isa = PBXGroup;
			children = (
				48674A44BA36DB0F31439238 /* Pods_Floq.framework */,
			);
			name = Frameworks;
			sourceTree = "<group>";
		};
		DC970CADBD80A1EFC9A0A3CD /* Pods */ = {
			isa = PBXGroup;
			children = (
				057B0F75B8FF1CD316481054 /* Pods-Floq.debug.xcconfig */,
				6285A53FB34E03B9DFF66883 /* Pods-Floq.release.xcconfig */,
			);
			name = Pods;
			sourceTree = "<group>";
		};
/* End PBXGroup section */

/* Begin PBXNativeTarget section */
		3872F6392214874C00AC547E /* FloqUITests */ = {
			isa = PBXNativeTarget;
			buildConfigurationList = 3872F6432214874C00AC547E /* Build configuration list for PBXNativeTarget "FloqUITests" */;
			buildPhases = (
				3872F6362214874C00AC547E /* Sources */,
				3872F6372214874C00AC547E /* Frameworks */,
				3872F6382214874C00AC547E /* Resources */,
			);
			buildRules = (
			);
			dependencies = (
				3872F6402214874C00AC547E /* PBXTargetDependency */,
			);
			name = FloqUITests;
			productName = FloqUITests;
			productReference = 3872F63A2214874C00AC547E /* FloqUITests.xctest */;
			productType = "com.apple.product-type.bundle.ui-testing";
		};
		38B02E182214744D00DEEC21 /* FloqTests */ = {
			isa = PBXNativeTarget;
			buildConfigurationList = 38B02E202214744D00DEEC21 /* Build configuration list for PBXNativeTarget "FloqTests" */;
			buildPhases = (
				38B02E152214744D00DEEC21 /* Sources */,
				38B02E162214744D00DEEC21 /* Frameworks */,
				38B02E172214744D00DEEC21 /* Resources */,
			);
			buildRules = (
			);
			dependencies = (
				38B02E1F2214744D00DEEC21 /* PBXTargetDependency */,
			);
			name = FloqTests;
			productName = FloqTests;
			productReference = 38B02E192214744D00DEEC21 /* FloqTests.xctest */;
			productType = "com.apple.product-type.bundle.unit-test";
		};
		40AA29B21E8891E900200A3F /* Floq */ = {
			isa = PBXNativeTarget;
			buildConfigurationList = 40AA29C51E8891E900200A3F /* Build configuration list for PBXNativeTarget "Floq" */;
			buildPhases = (
				B57EA2233D44F7AC23ABD8A2 /* [CP] Check Pods Manifest.lock */,
				40AA29AF1E8891E900200A3F /* Sources */,
				40AA29B01E8891E900200A3F /* Frameworks */,
				40AA29B11E8891E900200A3F /* Resources */,
				78428CF0718D5AF6743417FC /* [CP] Embed Pods Frameworks */,
				006B310CC01366A8466EFF74 /* [CP] Copy Pods Resources */,
				C4A28E4521E0323500ADA02D /* ShellScript */,
			);
			buildRules = (
			);
			dependencies = (
			);
			name = Floq;
			productName = Floq;
			productReference = 40AA29B31E8891E900200A3F /* Floq.app */;
			productType = "com.apple.product-type.application";
		};
/* End PBXNativeTarget section */

/* Begin PBXProject section */
		40AA29AB1E8891E900200A3F /* Project object */ = {
			isa = PBXProject;
			attributes = {
				LastSwiftUpdateCheck = 1010;
				LastUpgradeCheck = 1010;
				ORGANIZATIONNAME = "Arun Nagarajan";
				TargetAttributes = {
					3872F6392214874C00AC547E = {
						CreatedOnToolsVersion = 10.1;
						ProvisioningStyle = Automatic;
						TestTargetID = 40AA29B21E8891E900200A3F;
					};
					38B02E182214744D00DEEC21 = {
						CreatedOnToolsVersion = 10.1;
						ProvisioningStyle = Automatic;
						TestTargetID = 40AA29B21E8891E900200A3F;
					};
					40AA29B21E8891E900200A3F = {
						CreatedOnToolsVersion = 8.2.1;
						DevelopmentTeam = Y86G6TS245;
						LastSwiftMigration = 1010;
						ProvisioningStyle = Automatic;
						SystemCapabilities = {
							com.apple.BackgroundModes = {
								enabled = 1;
							};
							com.apple.Keychain = {
								enabled = 1;
							};
							com.apple.Push = {
								enabled = 1;
							};
						};
					};
				};
			};
			buildConfigurationList = 40AA29AE1E8891E900200A3F /* Build configuration list for PBXProject "Floq" */;
			compatibilityVersion = "Xcode 3.2";
			developmentRegion = English;
			hasScannedForEncodings = 0;
			knownRegions = (
				en,
				Base,
				de,
				ur,
				ar,
				"zh-Hans",
				ja,
				"nb-NO",
				es,
				pt_BR,
				da,
				it,
				ko,
				"zh-Hant",
				hu,
				tr,
				vi,
				ru,
				fr,
				nl,
				fa,
				ms,
				"fa-IR",
				"da-DK",
				pl,
				id,
				pt,
				ro,
			);
			mainGroup = 40AA29AA1E8891E900200A3F;
			productRefGroup = 40AA29B41E8891E900200A3F /* Products */;
			projectDirPath = "";
			projectRoot = "";
			targets = (
				40AA29B21E8891E900200A3F /* Floq */,
				38B02E182214744D00DEEC21 /* FloqTests */,
				3872F6392214874C00AC547E /* FloqUITests */,
			);
		};
/* End PBXProject section */

/* Begin PBXResourcesBuildPhase section */
		3872F6382214874C00AC547E /* Resources */ = {
			isa = PBXResourcesBuildPhase;
			buildActionMask = 2147483647;
			files = (
			);
			runOnlyForDeploymentPostprocessing = 0;
		};
		38B02E172214744D00DEEC21 /* Resources */ = {
			isa = PBXResourcesBuildPhase;
			buildActionMask = 2147483647;
			files = (
			);
			runOnlyForDeploymentPostprocessing = 0;
		};
		40AA29B11E8891E900200A3F /* Resources */ = {
			isa = PBXResourcesBuildPhase;
			buildActionMask = 2147483647;
			files = (
				40AA29C11E8891E900200A3F /* LaunchScreen.storyboard in Resources */,
				4048BD431E88B76B00BA8BDA /* GoogleService-Info.plist in Resources */,
				C4A28E4421E01EBB00ADA02D /* ActiveSectionCell.xib in Resources */,
				C4A2A43021A22C21006DFE6E /* cliqCells.xib in Resources */,
				40AA29BE1E8891E900200A3F /* Assets.xcassets in Resources */,
				38CF259922DFA46D008BEDDF /* CommentCell.xib in Resources */,
				C4A2A43721A22C4A006DFE6E /* FullScreenCell.xib in Resources */,
				40AA29BC1E8891E900200A3F /* Main.storyboard in Resources */,
				C4A2A43C21A22C4A006DFE6E /* PhotoCell.xib in Resources */,
				C4D1E08A21D7894500C5ED9A /* FloqCell.xib in Resources */,
				3877A9FF22E3536A007FBCE3 /* LoadMoreCells.xib in Resources */,
			);
			runOnlyForDeploymentPostprocessing = 0;
		};
/* End PBXResourcesBuildPhase section */

/* Begin PBXShellScriptBuildPhase section */
		006B310CC01366A8466EFF74 /* [CP] Copy Pods Resources */ = {
			isa = PBXShellScriptBuildPhase;
			buildActionMask = 2147483647;
			files = (
			);
			inputPaths = (
				"${SRCROOT}/Pods/Target Support Files/Pods-Floq/Pods-Floq-resources.sh",
				"${PODS_CONFIGURATION_BUILD_DIR}/FirebaseFirestore/gRPCCertificates-Firestore.bundle",
			);
			name = "[CP] Copy Pods Resources";
			outputPaths = (
				"${TARGET_BUILD_DIR}/${UNLOCALIZED_RESOURCES_FOLDER_PATH}/gRPCCertificates-Firestore.bundle",
			);
			runOnlyForDeploymentPostprocessing = 0;
			shellPath = /bin/sh;
			shellScript = "\"${SRCROOT}/Pods/Target Support Files/Pods-Floq/Pods-Floq-resources.sh\"\n";
			showEnvVarsInLog = 0;
		};
		78428CF0718D5AF6743417FC /* [CP] Embed Pods Frameworks */ = {
			isa = PBXShellScriptBuildPhase;
			buildActionMask = 2147483647;
			files = (
			);
			inputPaths = (
				"${SRCROOT}/Pods/Target Support Files/Pods-Floq/Pods-Floq-frameworks.sh",
				"${BUILT_PRODUCTS_DIR}/Bolts/Bolts.framework",
				"${BUILT_PRODUCTS_DIR}/BoringSSL/openssl.framework",
				"${BUILT_PRODUCTS_DIR}/DKCamera/DKCamera.framework",
				"${BUILT_PRODUCTS_DIR}/DKImagePickerController/DKImagePickerController.framework",
				"${BUILT_PRODUCTS_DIR}/DKPhotoGallery/DKPhotoGallery.framework",
				"${BUILT_PRODUCTS_DIR}/FBSDKCoreKit/FBSDKCoreKit.framework",
				"${BUILT_PRODUCTS_DIR}/FBSDKLoginKit/FBSDKLoginKit.framework",
				"${BUILT_PRODUCTS_DIR}/FBSDKShareKit/FBSDKShareKit.framework",
				"${BUILT_PRODUCTS_DIR}/FLAnimatedImage/FLAnimatedImage.framework",
				"${BUILT_PRODUCTS_DIR}/FacebookCore/FacebookCore.framework",
				"${BUILT_PRODUCTS_DIR}/FacebookLogin/FacebookLogin.framework",
				"${BUILT_PRODUCTS_DIR}/GTMSessionFetcher/GTMSessionFetcher.framework",
				"${BUILT_PRODUCTS_DIR}/GoogleUtilities/GoogleUtilities.framework",
				"${BUILT_PRODUCTS_DIR}/IGListKit/IGListKit.framework",
				"${BUILT_PRODUCTS_DIR}/Protobuf/Protobuf.framework",
				"${BUILT_PRODUCTS_DIR}/SDWebImage/SDWebImage.framework",
				"${BUILT_PRODUCTS_DIR}/TOCropViewController/TOCropViewController.framework",
				"${BUILT_PRODUCTS_DIR}/gRPC-C++/grpcpp.framework",
				"${BUILT_PRODUCTS_DIR}/gRPC-Core/grpc.framework",
				"${BUILT_PRODUCTS_DIR}/leveldb-library/leveldb.framework",
				"${BUILT_PRODUCTS_DIR}/nanopb/nanopb.framework",
			);
			name = "[CP] Embed Pods Frameworks";
			outputPaths = (
				"${TARGET_BUILD_DIR}/${FRAMEWORKS_FOLDER_PATH}/Bolts.framework",
				"${TARGET_BUILD_DIR}/${FRAMEWORKS_FOLDER_PATH}/openssl.framework",
				"${TARGET_BUILD_DIR}/${FRAMEWORKS_FOLDER_PATH}/DKCamera.framework",
				"${TARGET_BUILD_DIR}/${FRAMEWORKS_FOLDER_PATH}/DKImagePickerController.framework",
				"${TARGET_BUILD_DIR}/${FRAMEWORKS_FOLDER_PATH}/DKPhotoGallery.framework",
				"${TARGET_BUILD_DIR}/${FRAMEWORKS_FOLDER_PATH}/FBSDKCoreKit.framework",
				"${TARGET_BUILD_DIR}/${FRAMEWORKS_FOLDER_PATH}/FBSDKLoginKit.framework",
				"${TARGET_BUILD_DIR}/${FRAMEWORKS_FOLDER_PATH}/FBSDKShareKit.framework",
				"${TARGET_BUILD_DIR}/${FRAMEWORKS_FOLDER_PATH}/FLAnimatedImage.framework",
				"${TARGET_BUILD_DIR}/${FRAMEWORKS_FOLDER_PATH}/FacebookCore.framework",
				"${TARGET_BUILD_DIR}/${FRAMEWORKS_FOLDER_PATH}/FacebookLogin.framework",
				"${TARGET_BUILD_DIR}/${FRAMEWORKS_FOLDER_PATH}/GTMSessionFetcher.framework",
				"${TARGET_BUILD_DIR}/${FRAMEWORKS_FOLDER_PATH}/GoogleUtilities.framework",
				"${TARGET_BUILD_DIR}/${FRAMEWORKS_FOLDER_PATH}/IGListKit.framework",
				"${TARGET_BUILD_DIR}/${FRAMEWORKS_FOLDER_PATH}/Protobuf.framework",
				"${TARGET_BUILD_DIR}/${FRAMEWORKS_FOLDER_PATH}/SDWebImage.framework",
				"${TARGET_BUILD_DIR}/${FRAMEWORKS_FOLDER_PATH}/TOCropViewController.framework",
				"${TARGET_BUILD_DIR}/${FRAMEWORKS_FOLDER_PATH}/grpcpp.framework",
				"${TARGET_BUILD_DIR}/${FRAMEWORKS_FOLDER_PATH}/grpc.framework",
				"${TARGET_BUILD_DIR}/${FRAMEWORKS_FOLDER_PATH}/leveldb.framework",
				"${TARGET_BUILD_DIR}/${FRAMEWORKS_FOLDER_PATH}/nanopb.framework",
			);
			runOnlyForDeploymentPostprocessing = 0;
			shellPath = /bin/sh;
			shellScript = "\"${SRCROOT}/Pods/Target Support Files/Pods-Floq/Pods-Floq-frameworks.sh\"\n";
			showEnvVarsInLog = 0;
		};
		B57EA2233D44F7AC23ABD8A2 /* [CP] Check Pods Manifest.lock */ = {
			isa = PBXShellScriptBuildPhase;
			buildActionMask = 2147483647;
			files = (
			);
			inputPaths = (
				"${PODS_PODFILE_DIR_PATH}/Podfile.lock",
				"${PODS_ROOT}/Manifest.lock",
			);
			name = "[CP] Check Pods Manifest.lock";
			outputPaths = (
				"$(DERIVED_FILE_DIR)/Pods-Floq-checkManifestLockResult.txt",
			);
			runOnlyForDeploymentPostprocessing = 0;
			shellPath = /bin/sh;
			shellScript = "diff \"${PODS_PODFILE_DIR_PATH}/Podfile.lock\" \"${PODS_ROOT}/Manifest.lock\" > /dev/null\nif [ $? != 0 ] ; then\n    # print error to STDERR\n    echo \"error: The sandbox is not in sync with the Podfile.lock. Run 'pod install' or update your CocoaPods installation.\" >&2\n    exit 1\nfi\n# This output is used by Xcode 'outputs' to avoid re-running this script phase.\necho \"SUCCESS\" > \"${SCRIPT_OUTPUT_FILE_0}\"\n";
			showEnvVarsInLog = 0;
		};
		C4A28E4521E0323500ADA02D /* ShellScript */ = {
			isa = PBXShellScriptBuildPhase;
			buildActionMask = 12;
			files = (
			);
			inputFileListPaths = (
			);
			inputPaths = (
				"$(BUILT_PRODUCTS_DIR)/$(INFOPLIST_PATH)",
			);
			outputFileListPaths = (
			);
			outputPaths = (
			);
			runOnlyForDeploymentPostprocessing = 0;
			shellPath = /bin/sh;
			shellScript = "\"${PODS_ROOT}/Fabric/run\"\n";
		};
/* End PBXShellScriptBuildPhase section */

/* Begin PBXSourcesBuildPhase section */
		3872F6362214874C00AC547E /* Sources */ = {
			isa = PBXSourcesBuildPhase;
			buildActionMask = 2147483647;
			files = (
				3872F63D2214874C00AC547E /* FloqUITests.swift in Sources */,
			);
			runOnlyForDeploymentPostprocessing = 0;
		};
		38B02E152214744D00DEEC21 /* Sources */ = {
			isa = PBXSourcesBuildPhase;
			buildActionMask = 2147483647;
			files = (
				38B02E1C2214744D00DEEC21 /* FloqTests.swift in Sources */,
			);
			runOnlyForDeploymentPostprocessing = 0;
		};
		40AA29AF1E8891E900200A3F /* Sources */ = {
			isa = PBXSourcesBuildPhase;
			buildActionMask = 2147483647;
			files = (
				C400093122072C16004B6067 /* UIImage+Gif.swift in Sources */,
				C434C51321DD2A32003333A1 /* UserListCell.swift in Sources */,
				38CFAB192288B8AD00D40330 /* FloatyDelegate.swift in Sources */,
				C48BEDA821F8F6EA00D0A4F7 /* Core.swift in Sources */,
				40FED65F1FDE0E4800EC5974 /* PhotoItem.swift in Sources */,
				3877A9FE22E3536A007FBCE3 /* LoadMoreCells.swift in Sources */,
				38CFAB172288B8AD00D40330 /* FloatyItem.swift in Sources */,
				C48A57D621A22DF500D3B0E6 /* DataService.swift in Sources */,
				C434C50D21DBBEEC003333A1 /* UIKitModules+Extensions.swift in Sources */,
				383352222282E80600DA6857 /* Subscriptions.swift in Sources */,
				C4D1E09121D8ADDD00C5ED9A /* LoggerService.swift in Sources */,
				C434C50B21DBA9DB003333A1 /* FIRStorage+Extensions.swift in Sources */,
				C4D1E09921DB98D200C5ED9A /* UserSettingsTVC.swift in Sources */,
				C43B8D57220073EB003B7A00 /* NotificationAlertView.swift in Sources */,
				38CF259222DD4FD1008BEDDF /* CommentEngine.swift in Sources */,
				C4A2A42421A22A10006DFE6E /* GridPhotoSection.swift in Sources */,
				407997FE1FDCE0ED00AAE42A /* LabelCell.swift in Sources */,
				C4A28E4321E01EBB00ADA02D /* ActiveSectionCell.swift in Sources */,
				C48A57D821A22E0900D3B0E6 /* CliqEngine.swift in Sources */,
				C45CE27A21E0E2630071C59D /* HomeOnBaordVC.swift in Sources */,
				387F84FA228AC7D700FC3226 /* BlockedUsersVC.swift in Sources */,
				38CF259022DCCA2D008BEDDF /* FLComments.swift in Sources */,
				C4A2A42A21A22B4E006DFE6E /* FLCliqItem.swift in Sources */,
				407997FA1FDCDF8900AAE42A /* ImageCell.swift in Sources */,
				38CF259822DFA46D008BEDDF /* CommentCell.swift in Sources */,
				40A1F74520F300DE00DDA0B1 /* CreateCliqVC.swift in Sources */,
				38CFAB1A2288B8AD00D40330 /* FloatyManager.swift in Sources */,
				38CFAB1C2288B8AD00D40330 /* FloatyViewController.swift in Sources */,
				C434C50F21DBEB48003333A1 /* FirebaseAuth+Extensions.swift in Sources */,
				C48A57DA21A22E4400D3B0E6 /* Enums.swift in Sources */,
				C4A2A44021A22CC1006DFE6E /* PhotoFullScreenVC.swift in Sources */,
				3877A9FA22E34177007FBCE3 /* Protocols.swift in Sources */,
				40A1F74820F3052E00DDA0B1 /* FloatLabelTextField.swift in Sources */,
				38CFAB182288B8AD00D40330 /* Floaty.swift in Sources */,
				3877A9F922E34177007FBCE3 /* LayoutProperty.swift in Sources */,
				40AA29B71E8891E900200A3F /* AppDelegate.swift in Sources */,
				C41EBFB021E145430094EBC6 /* LoginVC.swift in Sources */,
				C4A2A42E21A22BBE006DFE6E /* BaseButton.swift in Sources */,
				C4A2A42821A22B37006DFE6E /* FLUser.swift in Sources */,
				C4D1E08C21D794D400C5ED9A /* NearbyCliqsVC.swift in Sources */,
				C4D1E09321D8AE4100C5ED9A /* FoundationTypes+Extensions.swift in Sources */,
				3877AA0122E361A4007FBCE3 /* SmartAlertView.swift in Sources */,
				38CFAB162288B8AD00D40330 /* FloatyWindow.swift in Sources */,
				C434C51521DD2BA0003333A1 /* UserListVC.swift in Sources */,
				C4A28E4021E01D3000ADA02D /* ActiveSectionController.swift in Sources */,
				C434C51121DCBE33003333A1 /* MyCliqsVC.swift in Sources */,
				C4A2A43B21A22C4A006DFE6E /* FullScreenCell.swift in Sources */,
				C45CE27421E0CD7C0071C59D /* OnBoardingPVC.swift in Sources */,
				38CC9EBA22EF050C00483DC7 /* CommentsInputView copy.swift in Sources */,
				C45CE27821E0CF010071C59D /* OnBoardInfoTwoVC.swift in Sources */,
				40A1F74D20F3082800DDA0B1 /* ImagePickerController.swift in Sources */,
				C43B8D5522006B30003B7A00 /* UpdateInfo.swift in Sources */,
				C416EC9621D623AB00ECEE2C /* CustomAlbum.swift in Sources */,
				C4A2A43A21A22C4A006DFE6E /* SupportViews.swift in Sources */,
				3877A9FB22E34177007FBCE3 /* Opereators.swift in Sources */,
				C4D1E09721DB989000C5ED9A /* UserProfileVC.swift in Sources */,
				C4A2A42C21A22B5E006DFE6E /* GridPhotoItem.swift in Sources */,
				C40FC38F21DE552400CD39A8 /* ProfileImageVC.swift in Sources */,
				C43B8D5322006126003B7A00 /* ForceUpdateVC.swift in Sources */,
				C4A2A42621A22AA8006DFE6E /* FullScreenPhotoSection.swift in Sources */,
				38CFAB1B2288B8AD00D40330 /* UIView+Draggable.swift in Sources */,
				C4D1E08921D7894500C5ED9A /* FloqCell.swift in Sources */,
				C4A944FB2204EE3000D40C44 /* Firestore+Extensions.swift in Sources */,
				38022760227D33F0004C3DF6 /* EULAVC.swift in Sources */,
				C430B79121E100E70010F2AE /* FinalOnBoardVC.swift in Sources */,
				40A1F74F20F3083A00DDA0B1 /* ImageRow.swift in Sources */,
				C4A2A43921A22C4A006DFE6E /* CliqsCell.swift in Sources */,
				40A1F74120F2F80F00DDA0B1 /* HomeVC.swift in Sources */,
				C4A2A43821A22C4A006DFE6E /* PhotoCell.swift in Sources */,
				40A1F74A20F3056B00DDA0B1 /* CustomCells.swift in Sources */,
				C4D4F8C721FA4B3A00A26797 /* PhotosEngine.swift in Sources */,
				38CF259522DFA34E008BEDDF /* CommentsVC.swift in Sources */,
				C4A2A43E21A22CB5006DFE6E /* AddCliqVC.swift in Sources */,
				407997FB1FDCDF8900AAE42A /* PhotosVC.swift in Sources */,
				C45CE27621E0CE930071C59D /* OnBoardInfoOneVC.swift in Sources */,
				406493821FDDAC3F00224DF8 /* PhotoSection.swift in Sources */,
				3877A9F422E2094B007FBCE3 /* AddCommentVC.swift in Sources */,
				C4D1E09521DA7E2E00C5ED9A /* SectionableCliq.swift in Sources */,
				3895DCFD22183FD6009C5CA6 /* SocialSharing.swift in Sources */,
			);
			runOnlyForDeploymentPostprocessing = 0;
		};
/* End PBXSourcesBuildPhase section */

/* Begin PBXTargetDependency section */
		3872F6402214874C00AC547E /* PBXTargetDependency */ = {
			isa = PBXTargetDependency;
			target = 40AA29B21E8891E900200A3F /* Floq */;
			targetProxy = 3872F63F2214874C00AC547E /* PBXContainerItemProxy */;
		};
		38B02E1F2214744D00DEEC21 /* PBXTargetDependency */ = {
			isa = PBXTargetDependency;
			target = 40AA29B21E8891E900200A3F /* Floq */;
			targetProxy = 38B02E1E2214744D00DEEC21 /* PBXContainerItemProxy */;
		};
/* End PBXTargetDependency section */

/* Begin PBXVariantGroup section */
		40AA29BA1E8891E900200A3F /* Main.storyboard */ = {
			isa = PBXVariantGroup;
			children = (
				40AA29BB1E8891E900200A3F /* Base */,
			);
			name = Main.storyboard;
			sourceTree = "<group>";
		};
		40AA29BF1E8891E900200A3F /* LaunchScreen.storyboard */ = {
			isa = PBXVariantGroup;
			children = (
				40AA29C01E8891E900200A3F /* Base */,
			);
			name = LaunchScreen.storyboard;
			sourceTree = "<group>";
		};
/* End PBXVariantGroup section */

/* Begin XCBuildConfiguration section */
		3872F6412214874C00AC547E /* Debug */ = {
			isa = XCBuildConfiguration;
			buildSettings = {
				CLANG_ANALYZER_NUMBER_OBJECT_CONVERSION = YES_AGGRESSIVE;
				CLANG_CXX_LANGUAGE_STANDARD = "gnu++14";
				CLANG_ENABLE_OBJC_WEAK = YES;
				CLANG_WARN_UNGUARDED_AVAILABILITY = YES_AGGRESSIVE;
				CODE_SIGN_IDENTITY = "iPhone Developer";
				CODE_SIGN_STYLE = Automatic;
				GCC_C_LANGUAGE_STANDARD = gnu11;
				INFOPLIST_FILE = FloqUITests/Info.plist;
				IPHONEOS_DEPLOYMENT_TARGET = 12.1;
				LD_RUNPATH_SEARCH_PATHS = "$(inherited) @executable_path/Frameworks @loader_path/Frameworks";
				MTL_ENABLE_DEBUG_INFO = INCLUDE_SOURCE;
				MTL_FAST_MATH = YES;
				PRODUCT_BUNDLE_IDENTIFIER = com.codesworth.FloqUITests;
				PRODUCT_NAME = "$(TARGET_NAME)";
				SWIFT_VERSION = 4.2;
				TARGETED_DEVICE_FAMILY = "1,2";
				TEST_TARGET_NAME = Floq;
			};
			name = Debug;
		};
		3872F6422214874C00AC547E /* Release */ = {
			isa = XCBuildConfiguration;
			buildSettings = {
				CLANG_ANALYZER_NUMBER_OBJECT_CONVERSION = YES_AGGRESSIVE;
				CLANG_CXX_LANGUAGE_STANDARD = "gnu++14";
				CLANG_ENABLE_OBJC_WEAK = YES;
				CLANG_WARN_UNGUARDED_AVAILABILITY = YES_AGGRESSIVE;
				CODE_SIGN_IDENTITY = "iPhone Developer";
				CODE_SIGN_STYLE = Automatic;
				GCC_C_LANGUAGE_STANDARD = gnu11;
				INFOPLIST_FILE = FloqUITests/Info.plist;
				IPHONEOS_DEPLOYMENT_TARGET = 12.1;
				LD_RUNPATH_SEARCH_PATHS = "$(inherited) @executable_path/Frameworks @loader_path/Frameworks";
				MTL_FAST_MATH = YES;
				PRODUCT_BUNDLE_IDENTIFIER = com.codesworth.FloqUITests;
				PRODUCT_NAME = "$(TARGET_NAME)";
				SWIFT_VERSION = 4.2;
				TARGETED_DEVICE_FAMILY = "1,2";
				TEST_TARGET_NAME = Floq;
			};
			name = Release;
		};
		38B02E212214744D00DEEC21 /* Debug */ = {
			isa = XCBuildConfiguration;
			buildSettings = {
				BUNDLE_LOADER = "$(TEST_HOST)";
				CLANG_ANALYZER_NUMBER_OBJECT_CONVERSION = YES_AGGRESSIVE;
				CLANG_CXX_LANGUAGE_STANDARD = "gnu++14";
				CLANG_ENABLE_OBJC_WEAK = YES;
				CLANG_WARN_UNGUARDED_AVAILABILITY = YES_AGGRESSIVE;
				CODE_SIGN_IDENTITY = "iPhone Developer";
				CODE_SIGN_STYLE = Automatic;
				GCC_C_LANGUAGE_STANDARD = gnu11;
				HEADER_SEARCH_PATHS = "${SRCROOT}/Pods/Firebase/CoreOnly/Sources/**";
				INFOPLIST_FILE = FloqTests/Info.plist;
				IPHONEOS_DEPLOYMENT_TARGET = 12.1;
				LD_RUNPATH_SEARCH_PATHS = "$(inherited) @executable_path/Frameworks @loader_path/Frameworks";
				MTL_ENABLE_DEBUG_INFO = INCLUDE_SOURCE;
				MTL_FAST_MATH = YES;
				PRODUCT_BUNDLE_IDENTIFIER = com.codesworth.FloqTests;
				PRODUCT_NAME = "$(TARGET_NAME)";
				SWIFT_OBJC_BRIDGING_HEADER = "";
				SWIFT_PRECOMPILE_BRIDGING_HEADER = NO;
				SWIFT_VERSION = 4.2;
				TARGETED_DEVICE_FAMILY = "1,2";
				TEST_HOST = "$(BUILT_PRODUCTS_DIR)/Floq.app/Floq";
			};
			name = Debug;
		};
		38B02E222214744D00DEEC21 /* Release */ = {
			isa = XCBuildConfiguration;
			buildSettings = {
				BUNDLE_LOADER = "$(TEST_HOST)";
				CLANG_ANALYZER_NUMBER_OBJECT_CONVERSION = YES_AGGRESSIVE;
				CLANG_CXX_LANGUAGE_STANDARD = "gnu++14";
				CLANG_ENABLE_OBJC_WEAK = YES;
				CLANG_WARN_UNGUARDED_AVAILABILITY = YES_AGGRESSIVE;
				CODE_SIGN_IDENTITY = "iPhone Developer";
				CODE_SIGN_STYLE = Automatic;
				GCC_C_LANGUAGE_STANDARD = gnu11;
				HEADER_SEARCH_PATHS = "${SRCROOT}/Pods/Firebase/CoreOnly/Sources/**";
				INFOPLIST_FILE = FloqTests/Info.plist;
				IPHONEOS_DEPLOYMENT_TARGET = 12.1;
				LD_RUNPATH_SEARCH_PATHS = "$(inherited) @executable_path/Frameworks @loader_path/Frameworks";
				MTL_FAST_MATH = YES;
				PRODUCT_BUNDLE_IDENTIFIER = com.codesworth.FloqTests;
				PRODUCT_NAME = "$(TARGET_NAME)";
				SWIFT_OBJC_BRIDGING_HEADER = "";
				SWIFT_PRECOMPILE_BRIDGING_HEADER = NO;
				SWIFT_VERSION = 4.2;
				TARGETED_DEVICE_FAMILY = "1,2";
				TEST_HOST = "$(BUILT_PRODUCTS_DIR)/Floq.app/Floq";
			};
			name = Release;
		};
		40AA29C31E8891E900200A3F /* Debug */ = {
			isa = XCBuildConfiguration;
			buildSettings = {
				ALWAYS_SEARCH_USER_PATHS = NO;
				CLANG_ANALYZER_NONNULL = YES;
				CLANG_CXX_LANGUAGE_STANDARD = "gnu++0x";
				CLANG_CXX_LIBRARY = "libc++";
				CLANG_ENABLE_MODULES = YES;
				CLANG_ENABLE_OBJC_ARC = YES;
				CLANG_WARN_BLOCK_CAPTURE_AUTORELEASING = YES;
				CLANG_WARN_BOOL_CONVERSION = YES;
				CLANG_WARN_COMMA = YES;
				CLANG_WARN_CONSTANT_CONVERSION = YES;
				CLANG_WARN_DEPRECATED_OBJC_IMPLEMENTATIONS = YES;
				CLANG_WARN_DIRECT_OBJC_ISA_USAGE = YES_ERROR;
				CLANG_WARN_DOCUMENTATION_COMMENTS = YES;
				CLANG_WARN_EMPTY_BODY = YES;
				CLANG_WARN_ENUM_CONVERSION = YES;
				CLANG_WARN_INFINITE_RECURSION = YES;
				CLANG_WARN_INT_CONVERSION = YES;
				CLANG_WARN_NON_LITERAL_NULL_CONVERSION = YES;
				CLANG_WARN_OBJC_IMPLICIT_RETAIN_SELF = YES;
				CLANG_WARN_OBJC_LITERAL_CONVERSION = YES;
				CLANG_WARN_OBJC_ROOT_CLASS = YES_ERROR;
				CLANG_WARN_RANGE_LOOP_ANALYSIS = YES;
				CLANG_WARN_STRICT_PROTOTYPES = YES;
				CLANG_WARN_SUSPICIOUS_MOVE = YES;
				CLANG_WARN_UNREACHABLE_CODE = YES;
				CLANG_WARN__DUPLICATE_METHOD_MATCH = YES;
				"CODE_SIGN_IDENTITY[sdk=iphoneos*]" = "iPhone Developer";
				COPY_PHASE_STRIP = NO;
				DEBUG_INFORMATION_FORMAT = dwarf;
				ENABLE_STRICT_OBJC_MSGSEND = YES;
				ENABLE_TESTABILITY = YES;
				GCC_C_LANGUAGE_STANDARD = gnu99;
				GCC_DYNAMIC_NO_PIC = NO;
				GCC_NO_COMMON_BLOCKS = YES;
				GCC_OPTIMIZATION_LEVEL = 0;
				GCC_PREPROCESSOR_DEFINITIONS = (
					"DEBUG=1",
					"$(inherited)",
				);
				GCC_WARN_64_TO_32_BIT_CONVERSION = YES;
				GCC_WARN_ABOUT_RETURN_TYPE = YES_ERROR;
				GCC_WARN_UNDECLARED_SELECTOR = YES;
				GCC_WARN_UNINITIALIZED_AUTOS = YES_AGGRESSIVE;
				GCC_WARN_UNUSED_FUNCTION = YES;
				GCC_WARN_UNUSED_VARIABLE = YES;
				IPHONEOS_DEPLOYMENT_TARGET = 10.2;
				MTL_ENABLE_DEBUG_INFO = YES;
				ONLY_ACTIVE_ARCH = YES;
				OTHER_LDFLAGS = "-ObjC";
				"OTHER_LDFLAGS[arch=*]" = "-ObjC";
				SDKROOT = iphoneos;
				SWIFT_ACTIVE_COMPILATION_CONDITIONS = DEBUG;
				SWIFT_OBJC_BRIDGING_HEADER = "Floq-Bridging-Header.h";
				SWIFT_OPTIMIZATION_LEVEL = "-Onone";
				TARGETED_DEVICE_FAMILY = "1,2";
			};
			name = Debug;
		};
		40AA29C41E8891E900200A3F /* Release */ = {
			isa = XCBuildConfiguration;
			buildSettings = {
				ALWAYS_SEARCH_USER_PATHS = NO;
				CLANG_ANALYZER_NONNULL = YES;
				CLANG_CXX_LANGUAGE_STANDARD = "gnu++0x";
				CLANG_CXX_LIBRARY = "libc++";
				CLANG_ENABLE_MODULES = YES;
				CLANG_ENABLE_OBJC_ARC = YES;
				CLANG_WARN_BLOCK_CAPTURE_AUTORELEASING = YES;
				CLANG_WARN_BOOL_CONVERSION = YES;
				CLANG_WARN_COMMA = YES;
				CLANG_WARN_CONSTANT_CONVERSION = YES;
				CLANG_WARN_DEPRECATED_OBJC_IMPLEMENTATIONS = YES;
				CLANG_WARN_DIRECT_OBJC_ISA_USAGE = YES_ERROR;
				CLANG_WARN_DOCUMENTATION_COMMENTS = YES;
				CLANG_WARN_EMPTY_BODY = YES;
				CLANG_WARN_ENUM_CONVERSION = YES;
				CLANG_WARN_INFINITE_RECURSION = YES;
				CLANG_WARN_INT_CONVERSION = YES;
				CLANG_WARN_NON_LITERAL_NULL_CONVERSION = YES;
				CLANG_WARN_OBJC_IMPLICIT_RETAIN_SELF = YES;
				CLANG_WARN_OBJC_LITERAL_CONVERSION = YES;
				CLANG_WARN_OBJC_ROOT_CLASS = YES_ERROR;
				CLANG_WARN_RANGE_LOOP_ANALYSIS = YES;
				CLANG_WARN_STRICT_PROTOTYPES = YES;
				CLANG_WARN_SUSPICIOUS_MOVE = YES;
				CLANG_WARN_UNREACHABLE_CODE = YES;
				CLANG_WARN__DUPLICATE_METHOD_MATCH = YES;
				"CODE_SIGN_IDENTITY[sdk=iphoneos*]" = "iPhone Developer";
				COPY_PHASE_STRIP = NO;
				DEBUG_INFORMATION_FORMAT = "dwarf-with-dsym";
				ENABLE_NS_ASSERTIONS = NO;
				ENABLE_STRICT_OBJC_MSGSEND = YES;
				GCC_C_LANGUAGE_STANDARD = gnu99;
				GCC_NO_COMMON_BLOCKS = YES;
				GCC_WARN_64_TO_32_BIT_CONVERSION = YES;
				GCC_WARN_ABOUT_RETURN_TYPE = YES_ERROR;
				GCC_WARN_UNDECLARED_SELECTOR = YES;
				GCC_WARN_UNINITIALIZED_AUTOS = YES_AGGRESSIVE;
				GCC_WARN_UNUSED_FUNCTION = YES;
				GCC_WARN_UNUSED_VARIABLE = YES;
				IPHONEOS_DEPLOYMENT_TARGET = 10.2;
				MTL_ENABLE_DEBUG_INFO = NO;
				OTHER_LDFLAGS = "-ObjC";
				"OTHER_LDFLAGS[arch=*]" = "-ObjC";
				SDKROOT = iphoneos;
				SWIFT_OBJC_BRIDGING_HEADER = "Floq-Bridging-Header.h";
				SWIFT_OPTIMIZATION_LEVEL = "-Owholemodule";
				TARGETED_DEVICE_FAMILY = "1,2";
				VALIDATE_PRODUCT = YES;
			};
			name = Release;
		};
		40AA29C61E8891E900200A3F /* Debug */ = {
			isa = XCBuildConfiguration;
			baseConfigurationReference = 057B0F75B8FF1CD316481054 /* Pods-Floq.debug.xcconfig */;
			buildSettings = {
				ASSETCATALOG_COMPILER_APPICON_NAME = AppIcon;
				CLANG_ENABLE_MODULES = YES;
				CODE_SIGN_ENTITLEMENTS = Floq/Resources/Floq.entitlements;
				CODE_SIGN_IDENTITY = "iPhone Developer";
				"CODE_SIGN_IDENTITY[sdk=iphoneos*]" = "iPhone Developer";
				CODE_SIGN_STYLE = Automatic;
				CURRENT_PROJECT_VERSION = 4;
				DEBUG_INFORMATION_FORMAT = "dwarf-with-dsym";
				DEVELOPMENT_TEAM = Y86G6TS245;
				INFOPLIST_FILE = Floq/Resources/Info.plist;
				LD_RUNPATH_SEARCH_PATHS = "$(inherited) @executable_path/Frameworks";
				PRODUCT_BUNDLE_IDENTIFIER = com.floq.Floq;
				PRODUCT_NAME = "$(TARGET_NAME)";
				PROVISIONING_PROFILE_SPECIFIER = "";
				SWIFT_OBJC_BRIDGING_HEADER = "Floq/Engine/Floq-Bridging-Header.h";
				SWIFT_OPTIMIZATION_LEVEL = "-Onone";
				SWIFT_VERSION = 4.2;
				TARGETED_DEVICE_FAMILY = 1;
				VERSIONING_SYSTEM = "apple-generic";
			};
			name = Debug;
		};
		40AA29C71E8891E900200A3F /* Release */ = {
			isa = XCBuildConfiguration;
			baseConfigurationReference = 6285A53FB34E03B9DFF66883 /* Pods-Floq.release.xcconfig */;
			buildSettings = {
				ASSETCATALOG_COMPILER_APPICON_NAME = AppIcon;
				CLANG_ENABLE_MODULES = YES;
				CODE_SIGN_ENTITLEMENTS = Floq/Resources/Floq.entitlements;
				CODE_SIGN_IDENTITY = "iPhone Developer";
				"CODE_SIGN_IDENTITY[sdk=iphoneos*]" = "iPhone Developer";
				CODE_SIGN_STYLE = Automatic;
				CURRENT_PROJECT_VERSION = 4;
				DEVELOPMENT_TEAM = Y86G6TS245;
				INFOPLIST_FILE = Floq/Resources/Info.plist;
				LD_RUNPATH_SEARCH_PATHS = "$(inherited) @executable_path/Frameworks";
				PRODUCT_BUNDLE_IDENTIFIER = com.floq.Floq;
				PRODUCT_NAME = "$(TARGET_NAME)";
				PROVISIONING_PROFILE_SPECIFIER = "";
				SWIFT_OBJC_BRIDGING_HEADER = "Floq/Engine/Floq-Bridging-Header.h";
				SWIFT_VERSION = 4.2;
				TARGETED_DEVICE_FAMILY = 1;
				VERSIONING_SYSTEM = "apple-generic";
			};
			name = Release;
		};
/* End XCBuildConfiguration section */

/* Begin XCConfigurationList section */
		3872F6432214874C00AC547E /* Build configuration list for PBXNativeTarget "FloqUITests" */ = {
			isa = XCConfigurationList;
			buildConfigurations = (
				3872F6412214874C00AC547E /* Debug */,
				3872F6422214874C00AC547E /* Release */,
			);
			defaultConfigurationIsVisible = 0;
			defaultConfigurationName = Release;
		};
		38B02E202214744D00DEEC21 /* Build configuration list for PBXNativeTarget "FloqTests" */ = {
			isa = XCConfigurationList;
			buildConfigurations = (
				38B02E212214744D00DEEC21 /* Debug */,
				38B02E222214744D00DEEC21 /* Release */,
			);
			defaultConfigurationIsVisible = 0;
			defaultConfigurationName = Release;
		};
		40AA29AE1E8891E900200A3F /* Build configuration list for PBXProject "Floq" */ = {
			isa = XCConfigurationList;
			buildConfigurations = (
				40AA29C31E8891E900200A3F /* Debug */,
				40AA29C41E8891E900200A3F /* Release */,
			);
			defaultConfigurationIsVisible = 0;
			defaultConfigurationName = Release;
		};
		40AA29C51E8891E900200A3F /* Build configuration list for PBXNativeTarget "Floq" */ = {
			isa = XCConfigurationList;
			buildConfigurations = (
				40AA29C61E8891E900200A3F /* Debug */,
				40AA29C71E8891E900200A3F /* Release */,
			);
			defaultConfigurationIsVisible = 0;
			defaultConfigurationName = Release;
		};
/* End XCConfigurationList section */
	};
	rootObject = 40AA29AB1E8891E900200A3F /* Project object */;
}
