// !$*UTF8*$!
{
	archiveVersion = 1;
	classes = {
	};
	objectVersion = 46;
	objects = {

/* Begin PBXBuildFile section */
		4048BD431E88B76B00BA8BDA /* GoogleService-Info.plist in Resources */ = {isa = PBXBuildFile; fileRef = 4048BD421E88B76B00BA8BDA /* GoogleService-Info.plist */; };
		406493821FDDAC3F00224DF8 /* PhotoSection.swift in Sources */ = {isa = PBXBuildFile; fileRef = 406493811FDDAC3F00224DF8 /* PhotoSection.swift */; };
		407997FA1FDCDF8900AAE42A /* ImageCell.swift in Sources */ = {isa = PBXBuildFile; fileRef = 407997F71FDCDF8900AAE42A /* ImageCell.swift */; };
		407997FB1FDCDF8900AAE42A /* PhotosVC.swift in Sources */ = {isa = PBXBuildFile; fileRef = 407997F81FDCDF8900AAE42A /* PhotosVC.swift */; };
		407997FE1FDCE0ED00AAE42A /* LabelCell.swift in Sources */ = {isa = PBXBuildFile; fileRef = 407997FD1FDCE0ED00AAE42A /* LabelCell.swift */; };
		40A1F74120F2F80F00DDA0B1 /* HomeVC.swift in Sources */ = {isa = PBXBuildFile; fileRef = 40A1F74020F2F80F00DDA0B1 /* HomeVC.swift */; };
		40A1F74520F300DE00DDA0B1 /* CreateCliqVC.swift in Sources */ = {isa = PBXBuildFile; fileRef = 40A1F74420F300DD00DDA0B1 /* CreateCliqVC.swift */; };
		40A1F74820F3052E00DDA0B1 /* FloatLabelTextField.swift in Sources */ = {isa = PBXBuildFile; fileRef = 40A1F74720F3052E00DDA0B1 /* FloatLabelTextField.swift */; };
		40A1F74A20F3056B00DDA0B1 /* CustomCells.swift in Sources */ = {isa = PBXBuildFile; fileRef = 40A1F74920F3056B00DDA0B1 /* CustomCells.swift */; };
		40A1F74D20F3082800DDA0B1 /* ImagePickerController.swift in Sources */ = {isa = PBXBuildFile; fileRef = 40A1F74C20F3082800DDA0B1 /* ImagePickerController.swift */; };
		40A1F74F20F3083A00DDA0B1 /* ImageRow.swift in Sources */ = {isa = PBXBuildFile; fileRef = 40A1F74E20F3083A00DDA0B1 /* ImageRow.swift */; };
		40AA29B71E8891E900200A3F /* AppDelegate.swift in Sources */ = {isa = PBXBuildFile; fileRef = 40AA29B61E8891E900200A3F /* AppDelegate.swift */; };
		40AA29BC1E8891E900200A3F /* Main.storyboard in Resources */ = {isa = PBXBuildFile; fileRef = 40AA29BA1E8891E900200A3F /* Main.storyboard */; };
		40AA29BE1E8891E900200A3F /* Assets.xcassets in Resources */ = {isa = PBXBuildFile; fileRef = 40AA29BD1E8891E900200A3F /* Assets.xcassets */; };
		40AA29C11E8891E900200A3F /* LaunchScreen.storyboard in Resources */ = {isa = PBXBuildFile; fileRef = 40AA29BF1E8891E900200A3F /* LaunchScreen.storyboard */; };
		40FED65F1FDE0E4800EC5974 /* PhotoItem.swift in Sources */ = {isa = PBXBuildFile; fileRef = 40FED65E1FDE0E4800EC5974 /* PhotoItem.swift */; };
		BDD0D20C19D0DD84BDB5C758 /* Pods_Floq.framework in Frameworks */ = {isa = PBXBuildFile; fileRef = 48674A44BA36DB0F31439238 /* Pods_Floq.framework */; };
		C40FC38F21DE552400CD39A8 /* ProfileImageVC.swift in Sources */ = {isa = PBXBuildFile; fileRef = C40FC38E21DE552400CD39A8 /* ProfileImageVC.swift */; };
		C416EC9621D623AB00ECEE2C /* CustomAlbum.swift in Sources */ = {isa = PBXBuildFile; fileRef = C416EC9521D623AB00ECEE2C /* CustomAlbum.swift */; };
		C41EBFB021E145430094EBC6 /* LoginVC.swift in Sources */ = {isa = PBXBuildFile; fileRef = C41EBFAF21E145430094EBC6 /* LoginVC.swift */; };
		C430B79121E100E70010F2AE /* FinalOnBoardVC.swift in Sources */ = {isa = PBXBuildFile; fileRef = C430B79021E100E70010F2AE /* FinalOnBoardVC.swift */; };
		C434C50B21DBA9DB003333A1 /* FIRStorage+Extensions.swift in Sources */ = {isa = PBXBuildFile; fileRef = C434C50A21DBA9DB003333A1 /* FIRStorage+Extensions.swift */; };
		C434C50D21DBBEEC003333A1 /* UIKitModules+Extensions.swift in Sources */ = {isa = PBXBuildFile; fileRef = C434C50C21DBBEEC003333A1 /* UIKitModules+Extensions.swift */; };
		C434C50F21DBEB48003333A1 /* FirebaseAuth+Extensions.swift in Sources */ = {isa = PBXBuildFile; fileRef = C434C50E21DBEB48003333A1 /* FirebaseAuth+Extensions.swift */; };
		C434C51121DCBE33003333A1 /* MyCliqsVC.swift in Sources */ = {isa = PBXBuildFile; fileRef = C434C51021DCBE33003333A1 /* MyCliqsVC.swift */; };
		C434C51321DD2A32003333A1 /* UserListCell.swift in Sources */ = {isa = PBXBuildFile; fileRef = C434C51221DD2A32003333A1 /* UserListCell.swift */; };
		C434C51521DD2BA0003333A1 /* UserListVC.swift in Sources */ = {isa = PBXBuildFile; fileRef = C434C51421DD2BA0003333A1 /* UserListVC.swift */; };
		C45CE27421E0CD7C0071C59D /* OnBoardingPVC.swift in Sources */ = {isa = PBXBuildFile; fileRef = C45CE27321E0CD7C0071C59D /* OnBoardingPVC.swift */; };
		C45CE27621E0CE930071C59D /* OnBoardInfoOneVC.swift in Sources */ = {isa = PBXBuildFile; fileRef = C45CE27521E0CE930071C59D /* OnBoardInfoOneVC.swift */; };
		C45CE27821E0CF010071C59D /* OnBoardInfoTwoVC.swift in Sources */ = {isa = PBXBuildFile; fileRef = C45CE27721E0CF010071C59D /* OnBoardInfoTwoVC.swift */; };
		C45CE27A21E0E2630071C59D /* HomeOnBaordVC.swift in Sources */ = {isa = PBXBuildFile; fileRef = C45CE27921E0E2630071C59D /* HomeOnBaordVC.swift */; };
		C47A183321E811FF00E7A4AF /* PhotoEngineTests.swift in Sources */ = {isa = PBXBuildFile; fileRef = C47A183221E811FF00E7A4AF /* PhotoEngineTests.swift */; };
		C48A57D621A22DF500D3B0E6 /* DataService.swift in Sources */ = {isa = PBXBuildFile; fileRef = C48A57D521A22DF500D3B0E6 /* DataService.swift */; };
		C48A57D821A22E0900D3B0E6 /* PhotoEngine.swift in Sources */ = {isa = PBXBuildFile; fileRef = C48A57D721A22E0900D3B0E6 /* PhotoEngine.swift */; };
		C48A57DA21A22E4400D3B0E6 /* Enums.swift in Sources */ = {isa = PBXBuildFile; fileRef = C48A57D921A22E4400D3B0E6 /* Enums.swift */; };
		C4A28E3621DFCA0500ADA02D /* FloqTests.swift in Sources */ = {isa = PBXBuildFile; fileRef = C4A28E3521DFCA0500ADA02D /* FloqTests.swift */; };
		C4A28E3E21DFCA4D00ADA02D /* FLCliqItemTests.swift in Sources */ = {isa = PBXBuildFile; fileRef = C4A28E3D21DFCA4D00ADA02D /* FLCliqItemTests.swift */; };
		C4A28E4021E01D3000ADA02D /* ActiveSectionController.swift in Sources */ = {isa = PBXBuildFile; fileRef = C4A28E3F21E01D3000ADA02D /* ActiveSectionController.swift */; };
		C4A28E4321E01EBB00ADA02D /* ActiveSectionCell.swift in Sources */ = {isa = PBXBuildFile; fileRef = C4A28E4121E01EBB00ADA02D /* ActiveSectionCell.swift */; };
		C4A28E4421E01EBB00ADA02D /* ActiveSectionCell.xib in Resources */ = {isa = PBXBuildFile; fileRef = C4A28E4221E01EBB00ADA02D /* ActiveSectionCell.xib */; };
		C4A2A42421A22A10006DFE6E /* GridPhotoSection.swift in Sources */ = {isa = PBXBuildFile; fileRef = C4A2A42321A22A10006DFE6E /* GridPhotoSection.swift */; };
		C4A2A42621A22AA8006DFE6E /* FullScreenPhotoSection.swift in Sources */ = {isa = PBXBuildFile; fileRef = C4A2A42521A22AA8006DFE6E /* FullScreenPhotoSection.swift */; };
		C4A2A42821A22B37006DFE6E /* FLUser.swift in Sources */ = {isa = PBXBuildFile; fileRef = C4A2A42721A22B37006DFE6E /* FLUser.swift */; };
		C4A2A42A21A22B4E006DFE6E /* FLCliqItem.swift in Sources */ = {isa = PBXBuildFile; fileRef = C4A2A42921A22B4E006DFE6E /* FLCliqItem.swift */; };
		C4A2A42C21A22B5E006DFE6E /* GridPhotoItem.swift in Sources */ = {isa = PBXBuildFile; fileRef = C4A2A42B21A22B5E006DFE6E /* GridPhotoItem.swift */; };
		C4A2A42E21A22BBE006DFE6E /* BaseButton.swift in Sources */ = {isa = PBXBuildFile; fileRef = C4A2A42D21A22BBE006DFE6E /* BaseButton.swift */; };
		C4A2A43021A22C21006DFE6E /* cliqCells.xib in Resources */ = {isa = PBXBuildFile; fileRef = C4A2A42F21A22C21006DFE6E /* cliqCells.xib */; };
		C4A2A43721A22C4A006DFE6E /* FullScreenCell.xib in Resources */ = {isa = PBXBuildFile; fileRef = C4A2A43121A22C3F006DFE6E /* FullScreenCell.xib */; };
		C4A2A43821A22C4A006DFE6E /* PhotoCell.swift in Sources */ = {isa = PBXBuildFile; fileRef = C4A2A43221A22C41006DFE6E /* PhotoCell.swift */; };
		C4A2A43921A22C4A006DFE6E /* CliqsCell.swift in Sources */ = {isa = PBXBuildFile; fileRef = C4A2A43321A22C42006DFE6E /* CliqsCell.swift */; };
		C4A2A43A21A22C4A006DFE6E /* SupportViews.swift in Sources */ = {isa = PBXBuildFile; fileRef = C4A2A43421A22C44006DFE6E /* SupportViews.swift */; };
		C4A2A43B21A22C4A006DFE6E /* FullScreenCell.swift in Sources */ = {isa = PBXBuildFile; fileRef = C4A2A43521A22C48006DFE6E /* FullScreenCell.swift */; };
		C4A2A43C21A22C4A006DFE6E /* PhotoCell.xib in Resources */ = {isa = PBXBuildFile; fileRef = C4A2A43621A22C4A006DFE6E /* PhotoCell.xib */; };
		C4A2A43E21A22CB5006DFE6E /* AddCliqVC.swift in Sources */ = {isa = PBXBuildFile; fileRef = C4A2A43D21A22CB5006DFE6E /* AddCliqVC.swift */; };
		C4A2A44021A22CC1006DFE6E /* PhotoFullScreenVC.swift in Sources */ = {isa = PBXBuildFile; fileRef = C4A2A43F21A22CC1006DFE6E /* PhotoFullScreenVC.swift */; };
		C4D1E08921D7894500C5ED9A /* FloqCell.swift in Sources */ = {isa = PBXBuildFile; fileRef = C4D1E08721D7894500C5ED9A /* FloqCell.swift */; };
		C4D1E08A21D7894500C5ED9A /* FloqCell.xib in Resources */ = {isa = PBXBuildFile; fileRef = C4D1E08821D7894500C5ED9A /* FloqCell.xib */; };
		C4D1E08C21D794D400C5ED9A /* NearbyCliqsVC.swift in Sources */ = {isa = PBXBuildFile; fileRef = C4D1E08B21D794D400C5ED9A /* NearbyCliqsVC.swift */; };
		C4D1E08E21D8AC7D00C5ED9A /* Firestore+Extensions.swift in Sources */ = {isa = PBXBuildFile; fileRef = C4D1E08D21D8AC7D00C5ED9A /* Firestore+Extensions.swift */; };
		C4D1E09121D8ADDD00C5ED9A /* LoggerService.swift in Sources */ = {isa = PBXBuildFile; fileRef = C4D1E09021D8ADDC00C5ED9A /* LoggerService.swift */; };
		C4D1E09321D8AE4100C5ED9A /* FoundationTypes+Extensions.swift in Sources */ = {isa = PBXBuildFile; fileRef = C4D1E09221D8AE4100C5ED9A /* FoundationTypes+Extensions.swift */; };
		C4D1E09521DA7E2E00C5ED9A /* SectionableCliq.swift in Sources */ = {isa = PBXBuildFile; fileRef = C4D1E09421DA7E2E00C5ED9A /* SectionableCliq.swift */; };
		C4D1E09721DB989000C5ED9A /* UserProfileVC.swift in Sources */ = {isa = PBXBuildFile; fileRef = C4D1E09621DB989000C5ED9A /* UserProfileVC.swift */; };
		C4D1E09921DB98D200C5ED9A /* UserSettingsTVC.swift in Sources */ = {isa = PBXBuildFile; fileRef = C4D1E09821DB98D200C5ED9A /* UserSettingsTVC.swift */; };
		C4ED7D8121EB292B0073ED76 /* Firestore+Extensions.swift in Sources */ = {isa = PBXBuildFile; fileRef = C4ED7D8021EB292B0073ED76 /* Firestore+Extensions.swift */; };
/* End PBXBuildFile section */

/* Begin PBXContainerItemProxy section */
		C4A28E3821DFCA0500ADA02D /* PBXContainerItemProxy */ = {
			isa = PBXContainerItemProxy;
			containerPortal = 40AA29AB1E8891E900200A3F /* Project object */;
			proxyType = 1;
			remoteGlobalIDString = 40AA29B21E8891E900200A3F;
			remoteInfo = Floq;
		};
/* End PBXContainerItemProxy section */

/* Begin PBXFileReference section */
		057B0F75B8FF1CD316481054 /* Pods-Floq.debug.xcconfig */ = {isa = PBXFileReference; includeInIndex = 1; lastKnownFileType = text.xcconfig; name = "Pods-Floq.debug.xcconfig"; path = "Pods/Target Support Files/Pods-Floq/Pods-Floq.debug.xcconfig"; sourceTree = "<group>"; };
		4048BD421E88B76B00BA8BDA /* GoogleService-Info.plist */ = {isa = PBXFileReference; fileEncoding = 4; lastKnownFileType = text.plist.xml; path = "GoogleService-Info.plist"; sourceTree = "<group>"; };
		4054328B1FC9C82600725AF9 /* Floq.entitlements */ = {isa = PBXFileReference; lastKnownFileType = text.plist.entitlements; path = Floq.entitlements; sourceTree = "<group>"; };
		406493811FDDAC3F00224DF8 /* PhotoSection.swift */ = {isa = PBXFileReference; fileEncoding = 4; lastKnownFileType = sourcecode.swift; path = PhotoSection.swift; sourceTree = "<group>"; };
		407997F71FDCDF8900AAE42A /* ImageCell.swift */ = {isa = PBXFileReference; fileEncoding = 4; lastKnownFileType = sourcecode.swift; path = ImageCell.swift; sourceTree = "<group>"; };
		407997F81FDCDF8900AAE42A /* PhotosVC.swift */ = {isa = PBXFileReference; fileEncoding = 4; lastKnownFileType = sourcecode.swift; path = PhotosVC.swift; sourceTree = "<group>"; };
		407997FD1FDCE0ED00AAE42A /* LabelCell.swift */ = {isa = PBXFileReference; fileEncoding = 4; lastKnownFileType = sourcecode.swift; path = LabelCell.swift; sourceTree = "<group>"; };
		40A1F74020F2F80F00DDA0B1 /* HomeVC.swift */ = {isa = PBXFileReference; lastKnownFileType = sourcecode.swift; path = HomeVC.swift; sourceTree = "<group>"; };
		40A1F74420F300DD00DDA0B1 /* CreateCliqVC.swift */ = {isa = PBXFileReference; lastKnownFileType = sourcecode.swift; path = CreateCliqVC.swift; sourceTree = "<group>"; };
		40A1F74720F3052E00DDA0B1 /* FloatLabelTextField.swift */ = {isa = PBXFileReference; lastKnownFileType = sourcecode.swift; path = FloatLabelTextField.swift; sourceTree = "<group>"; };
		40A1F74920F3056B00DDA0B1 /* CustomCells.swift */ = {isa = PBXFileReference; lastKnownFileType = sourcecode.swift; path = CustomCells.swift; sourceTree = "<group>"; };
		40A1F74C20F3082800DDA0B1 /* ImagePickerController.swift */ = {isa = PBXFileReference; lastKnownFileType = sourcecode.swift; path = ImagePickerController.swift; sourceTree = "<group>"; };
		40A1F74E20F3083A00DDA0B1 /* ImageRow.swift */ = {isa = PBXFileReference; lastKnownFileType = sourcecode.swift; path = ImageRow.swift; sourceTree = "<group>"; };
		40AA29B31E8891E900200A3F /* Floq.app */ = {isa = PBXFileReference; explicitFileType = wrapper.application; includeInIndex = 0; path = Floq.app; sourceTree = BUILT_PRODUCTS_DIR; };
		40AA29B61E8891E900200A3F /* AppDelegate.swift */ = {isa = PBXFileReference; lastKnownFileType = sourcecode.swift; path = AppDelegate.swift; sourceTree = "<group>"; };
		40AA29BB1E8891E900200A3F /* Base */ = {isa = PBXFileReference; lastKnownFileType = file.storyboard; name = Base; path = Base.lproj/Main.storyboard; sourceTree = "<group>"; };
		40AA29BD1E8891E900200A3F /* Assets.xcassets */ = {isa = PBXFileReference; lastKnownFileType = folder.assetcatalog; path = Assets.xcassets; sourceTree = "<group>"; };
		40AA29C01E8891E900200A3F /* Base */ = {isa = PBXFileReference; lastKnownFileType = file.storyboard; name = Base; path = Base.lproj/LaunchScreen.storyboard; sourceTree = "<group>"; };
		40AA29C21E8891E900200A3F /* Info.plist */ = {isa = PBXFileReference; lastKnownFileType = text.plist.xml; path = Info.plist; sourceTree = "<group>"; };
		40FED65E1FDE0E4800EC5974 /* PhotoItem.swift */ = {isa = PBXFileReference; lastKnownFileType = sourcecode.swift; path = PhotoItem.swift; sourceTree = "<group>"; };
		48674A44BA36DB0F31439238 /* Pods_Floq.framework */ = {isa = PBXFileReference; explicitFileType = wrapper.framework; includeInIndex = 0; path = Pods_Floq.framework; sourceTree = BUILT_PRODUCTS_DIR; };
		6285A53FB34E03B9DFF66883 /* Pods-Floq.release.xcconfig */ = {isa = PBXFileReference; includeInIndex = 1; lastKnownFileType = text.xcconfig; name = "Pods-Floq.release.xcconfig"; path = "Pods/Target Support Files/Pods-Floq/Pods-Floq.release.xcconfig"; sourceTree = "<group>"; };
		C40FC38E21DE552400CD39A8 /* ProfileImageVC.swift */ = {isa = PBXFileReference; lastKnownFileType = sourcecode.swift; path = ProfileImageVC.swift; sourceTree = "<group>"; };
		C416EC9521D623AB00ECEE2C /* CustomAlbum.swift */ = {isa = PBXFileReference; lastKnownFileType = sourcecode.swift; path = CustomAlbum.swift; sourceTree = "<group>"; };
		C41EBFAF21E145430094EBC6 /* LoginVC.swift */ = {isa = PBXFileReference; fileEncoding = 4; lastKnownFileType = sourcecode.swift; name = LoginVC.swift; path = "Floq/New Group1/LoginVC.swift"; sourceTree = SOURCE_ROOT; };
		C430B79021E100E70010F2AE /* FinalOnBoardVC.swift */ = {isa = PBXFileReference; lastKnownFileType = sourcecode.swift; path = FinalOnBoardVC.swift; sourceTree = "<group>"; };
		C434C50A21DBA9DB003333A1 /* FIRStorage+Extensions.swift */ = {isa = PBXFileReference; lastKnownFileType = sourcecode.swift; path = "FIRStorage+Extensions.swift"; sourceTree = "<group>"; };
		C434C50C21DBBEEC003333A1 /* UIKitModules+Extensions.swift */ = {isa = PBXFileReference; lastKnownFileType = sourcecode.swift; path = "UIKitModules+Extensions.swift"; sourceTree = "<group>"; };
		C434C50E21DBEB48003333A1 /* FirebaseAuth+Extensions.swift */ = {isa = PBXFileReference; lastKnownFileType = sourcecode.swift; path = "FirebaseAuth+Extensions.swift"; sourceTree = "<group>"; };
		C434C51021DCBE33003333A1 /* MyCliqsVC.swift */ = {isa = PBXFileReference; lastKnownFileType = sourcecode.swift; path = MyCliqsVC.swift; sourceTree = "<group>"; };
		C434C51221DD2A32003333A1 /* UserListCell.swift */ = {isa = PBXFileReference; lastKnownFileType = sourcecode.swift; path = UserListCell.swift; sourceTree = "<group>"; };
		C434C51421DD2BA0003333A1 /* UserListVC.swift */ = {isa = PBXFileReference; lastKnownFileType = sourcecode.swift; path = UserListVC.swift; sourceTree = "<group>"; };
		C45CE27321E0CD7C0071C59D /* OnBoardingPVC.swift */ = {isa = PBXFileReference; lastKnownFileType = sourcecode.swift; path = OnBoardingPVC.swift; sourceTree = "<group>"; };
		C45CE27521E0CE930071C59D /* OnBoardInfoOneVC.swift */ = {isa = PBXFileReference; lastKnownFileType = sourcecode.swift; path = OnBoardInfoOneVC.swift; sourceTree = "<group>"; };
		C45CE27721E0CF010071C59D /* OnBoardInfoTwoVC.swift */ = {isa = PBXFileReference; lastKnownFileType = sourcecode.swift; path = OnBoardInfoTwoVC.swift; sourceTree = "<group>"; };
		C45CE27921E0E2630071C59D /* HomeOnBaordVC.swift */ = {isa = PBXFileReference; lastKnownFileType = sourcecode.swift; path = HomeOnBaordVC.swift; sourceTree = "<group>"; };
		C47A183221E811FF00E7A4AF /* PhotoEngineTests.swift */ = {isa = PBXFileReference; lastKnownFileType = sourcecode.swift; path = PhotoEngineTests.swift; sourceTree = "<group>"; };
		C48A57D521A22DF500D3B0E6 /* DataService.swift */ = {isa = PBXFileReference; fileEncoding = 4; lastKnownFileType = sourcecode.swift; path = DataService.swift; sourceTree = "<group>"; };
		C48A57D721A22E0900D3B0E6 /* PhotoEngine.swift */ = {isa = PBXFileReference; fileEncoding = 4; lastKnownFileType = sourcecode.swift; path = PhotoEngine.swift; sourceTree = "<group>"; };
		C48A57D921A22E4400D3B0E6 /* Enums.swift */ = {isa = PBXFileReference; fileEncoding = 4; lastKnownFileType = sourcecode.swift; path = Enums.swift; sourceTree = "<group>"; };
		C4A28E3321DFCA0500ADA02D /* FloqTests.xctest */ = {isa = PBXFileReference; explicitFileType = wrapper.cfbundle; includeInIndex = 0; path = FloqTests.xctest; sourceTree = BUILT_PRODUCTS_DIR; };
		C4A28E3521DFCA0500ADA02D /* FloqTests.swift */ = {isa = PBXFileReference; lastKnownFileType = sourcecode.swift; path = FloqTests.swift; sourceTree = "<group>"; };
		C4A28E3721DFCA0500ADA02D /* Info.plist */ = {isa = PBXFileReference; lastKnownFileType = text.plist.xml; path = Info.plist; sourceTree = "<group>"; };
		C4A28E3D21DFCA4D00ADA02D /* FLCliqItemTests.swift */ = {isa = PBXFileReference; lastKnownFileType = sourcecode.swift; path = FLCliqItemTests.swift; sourceTree = "<group>"; };
		C4A28E3F21E01D3000ADA02D /* ActiveSectionController.swift */ = {isa = PBXFileReference; lastKnownFileType = sourcecode.swift; path = ActiveSectionController.swift; sourceTree = "<group>"; };
		C4A28E4121E01EBB00ADA02D /* ActiveSectionCell.swift */ = {isa = PBXFileReference; lastKnownFileType = sourcecode.swift; path = ActiveSectionCell.swift; sourceTree = "<group>"; };
		C4A28E4221E01EBB00ADA02D /* ActiveSectionCell.xib */ = {isa = PBXFileReference; lastKnownFileType = file.xib; path = ActiveSectionCell.xib; sourceTree = "<group>"; };
		C4A2A42321A22A10006DFE6E /* GridPhotoSection.swift */ = {isa = PBXFileReference; lastKnownFileType = sourcecode.swift; path = GridPhotoSection.swift; sourceTree = "<group>"; };
		C4A2A42521A22AA8006DFE6E /* FullScreenPhotoSection.swift */ = {isa = PBXFileReference; lastKnownFileType = sourcecode.swift; path = FullScreenPhotoSection.swift; sourceTree = "<group>"; };
		C4A2A42721A22B37006DFE6E /* FLUser.swift */ = {isa = PBXFileReference; fileEncoding = 4; lastKnownFileType = sourcecode.swift; path = FLUser.swift; sourceTree = "<group>"; };
		C4A2A42921A22B4E006DFE6E /* FLCliqItem.swift */ = {isa = PBXFileReference; fileEncoding = 4; lastKnownFileType = sourcecode.swift; path = FLCliqItem.swift; sourceTree = "<group>"; };
		C4A2A42B21A22B5E006DFE6E /* GridPhotoItem.swift */ = {isa = PBXFileReference; fileEncoding = 4; lastKnownFileType = sourcecode.swift; path = GridPhotoItem.swift; sourceTree = "<group>"; };
		C4A2A42D21A22BBE006DFE6E /* BaseButton.swift */ = {isa = PBXFileReference; fileEncoding = 4; lastKnownFileType = sourcecode.swift; path = BaseButton.swift; sourceTree = "<group>"; };
		C4A2A42F21A22C21006DFE6E /* cliqCells.xib */ = {isa = PBXFileReference; fileEncoding = 4; lastKnownFileType = file.xib; path = cliqCells.xib; sourceTree = "<group>"; };
		C4A2A43121A22C3F006DFE6E /* FullScreenCell.xib */ = {isa = PBXFileReference; fileEncoding = 4; lastKnownFileType = file.xib; path = FullScreenCell.xib; sourceTree = "<group>"; };
		C4A2A43221A22C41006DFE6E /* PhotoCell.swift */ = {isa = PBXFileReference; fileEncoding = 4; lastKnownFileType = sourcecode.swift; path = PhotoCell.swift; sourceTree = "<group>"; };
		C4A2A43321A22C42006DFE6E /* CliqsCell.swift */ = {isa = PBXFileReference; fileEncoding = 4; lastKnownFileType = sourcecode.swift; path = CliqsCell.swift; sourceTree = "<group>"; };
		C4A2A43421A22C44006DFE6E /* SupportViews.swift */ = {isa = PBXFileReference; fileEncoding = 4; lastKnownFileType = sourcecode.swift; path = SupportViews.swift; sourceTree = "<group>"; };
		C4A2A43521A22C48006DFE6E /* FullScreenCell.swift */ = {isa = PBXFileReference; fileEncoding = 4; lastKnownFileType = sourcecode.swift; path = FullScreenCell.swift; sourceTree = "<group>"; };
		C4A2A43621A22C4A006DFE6E /* PhotoCell.xib */ = {isa = PBXFileReference; fileEncoding = 4; lastKnownFileType = file.xib; path = PhotoCell.xib; sourceTree = "<group>"; };
		C4A2A43D21A22CB5006DFE6E /* AddCliqVC.swift */ = {isa = PBXFileReference; fileEncoding = 4; lastKnownFileType = sourcecode.swift; path = AddCliqVC.swift; sourceTree = "<group>"; };
		C4A2A43F21A22CC1006DFE6E /* PhotoFullScreenVC.swift */ = {isa = PBXFileReference; fileEncoding = 4; lastKnownFileType = sourcecode.swift; path = PhotoFullScreenVC.swift; sourceTree = "<group>"; };
		C4D1E08721D7894500C5ED9A /* FloqCell.swift */ = {isa = PBXFileReference; lastKnownFileType = sourcecode.swift; path = FloqCell.swift; sourceTree = "<group>"; };
		C4D1E08821D7894500C5ED9A /* FloqCell.xib */ = {isa = PBXFileReference; lastKnownFileType = file.xib; path = FloqCell.xib; sourceTree = "<group>"; };
		C4D1E08B21D794D400C5ED9A /* NearbyCliqsVC.swift */ = {isa = PBXFileReference; lastKnownFileType = sourcecode.swift; path = NearbyCliqsVC.swift; sourceTree = "<group>"; };
		C4D1E08D21D8AC7D00C5ED9A /* Firestore+Extensions.swift */ = {isa = PBXFileReference; lastKnownFileType = sourcecode.swift; path = "Firestore+Extensions.swift"; sourceTree = "<group>"; };
		C4D1E09021D8ADDC00C5ED9A /* LoggerService.swift */ = {isa = PBXFileReference; fileEncoding = 4; lastKnownFileType = sourcecode.swift; path = LoggerService.swift; sourceTree = "<group>"; };
		C4D1E09221D8AE4100C5ED9A /* FoundationTypes+Extensions.swift */ = {isa = PBXFileReference; lastKnownFileType = sourcecode.swift; path = "FoundationTypes+Extensions.swift"; sourceTree = "<group>"; };
		C4D1E09421DA7E2E00C5ED9A /* SectionableCliq.swift */ = {isa = PBXFileReference; lastKnownFileType = sourcecode.swift; path = SectionableCliq.swift; sourceTree = "<group>"; };
		C4D1E09621DB989000C5ED9A /* UserProfileVC.swift */ = {isa = PBXFileReference; lastKnownFileType = sourcecode.swift; path = UserProfileVC.swift; sourceTree = "<group>"; };
		C4D1E09821DB98D200C5ED9A /* UserSettingsTVC.swift */ = {isa = PBXFileReference; lastKnownFileType = sourcecode.swift; path = UserSettingsTVC.swift; sourceTree = "<group>"; };
		C4ED7D8021EB292B0073ED76 /* Firestore+Extensions.swift */ = {isa = PBXFileReference; fileEncoding = 4; lastKnownFileType = sourcecode.swift; path = "Firestore+Extensions.swift"; sourceTree = "<group>"; };
/* End PBXFileReference section */

/* Begin PBXFrameworksBuildPhase section */
		40AA29B01E8891E900200A3F /* Frameworks */ = {
			isa = PBXFrameworksBuildPhase;
			buildActionMask = 2147483647;
			files = (
				BDD0D20C19D0DD84BDB5C758 /* Pods_Floq.framework in Frameworks */,
			);
			runOnlyForDeploymentPostprocessing = 0;
		};
		C4A28E3021DFCA0500ADA02D /* Frameworks */ = {
			isa = PBXFrameworksBuildPhase;
			buildActionMask = 2147483647;
			files = (
			);
			runOnlyForDeploymentPostprocessing = 0;
		};
/* End PBXFrameworksBuildPhase section */

/* Begin PBXGroup section */
		40A1F74620F3051E00DDA0B1 /* CustomEurekaFiles */ = {
			isa = PBXGroup;
			children = (
				40A1F74B20F3080A00DDA0B1 /* ImageRow */,
				40A1F74720F3052E00DDA0B1 /* FloatLabelTextField.swift */,
				40A1F74920F3056B00DDA0B1 /* CustomCells.swift */,
			);
			path = CustomEurekaFiles;
			sourceTree = "<group>";
		};
		40A1F74B20F3080A00DDA0B1 /* ImageRow */ = {
			isa = PBXGroup;
			children = (
				40A1F74C20F3082800DDA0B1 /* ImagePickerController.swift */,
				40A1F74E20F3083A00DDA0B1 /* ImageRow.swift */,
			);
			path = ImageRow;
			sourceTree = "<group>";
		};
		40AA29AA1E8891E900200A3F = {
			isa = PBXGroup;
			children = (
				40AA29B51E8891E900200A3F /* Floq */,
				C4A28E3421DFCA0500ADA02D /* FloqTests */,
				40AA29B41E8891E900200A3F /* Products */,
				DC970CADBD80A1EFC9A0A3CD /* Pods */,
				C6C4421E77313EAEA9683D29 /* Frameworks */,
			);
			sourceTree = "<group>";
		};
		40AA29B41E8891E900200A3F /* Products */ = {
			isa = PBXGroup;
			children = (
				40AA29B31E8891E900200A3F /* Floq.app */,
				C4A28E3321DFCA0500ADA02D /* FloqTests.xctest */,
			);
			name = Products;
			sourceTree = "<group>";
		};
		40AA29B51E8891E900200A3F /* Floq */ = {
			isa = PBXGroup;
			children = (
				C430B79321E12B1E0010F2AE /* Sources */,
				C4D1E08F21D8AC8800C5ED9A /* Extensions */,
				C4A2A42021A22944006DFE6E /* Model */,
				C4A2A42121A2294C006DFE6E /* View */,
				C4A2A42221A22959006DFE6E /* Controller */,
				C4A2A41F21A2292F006DFE6E /* Services */,
				4054328B1FC9C82600725AF9 /* Floq.entitlements */,
				40AA29B61E8891E900200A3F /* AppDelegate.swift */,
				40AA29BA1E8891E900200A3F /* Main.storyboard */,
				40AA29BD1E8891E900200A3F /* Assets.xcassets */,
				40AA29BF1E8891E900200A3F /* LaunchScreen.storyboard */,
				40AA29C21E8891E900200A3F /* Info.plist */,
				4048BD421E88B76B00BA8BDA /* GoogleService-Info.plist */,
			);
			path = Floq;
			sourceTree = "<group>";
		};
		C430B79221E1110E0010F2AE /* Depracated */ = {
			isa = PBXGroup;
			children = (
				C41EBFAF21E145430094EBC6 /* LoginVC.swift */,
				40A1F74420F300DD00DDA0B1 /* CreateCliqVC.swift */,
			);
			path = Depracated;
			sourceTree = "<group>";
		};
		C430B79321E12B1E0010F2AE /* Sources */ = {
			isa = PBXGroup;
			children = (
				C430B79221E1110E0010F2AE /* Depracated */,
				40A1F74620F3051E00DDA0B1 /* CustomEurekaFiles */,
			);
			path = Sources;
			sourceTree = "<group>";
		};
		C45CE27221E0C96E0071C59D /* OnBoarding */ = {
			isa = PBXGroup;
			children = (
				C45CE27321E0CD7C0071C59D /* OnBoardingPVC.swift */,
				C45CE27521E0CE930071C59D /* OnBoardInfoOneVC.swift */,
				C45CE27721E0CF010071C59D /* OnBoardInfoTwoVC.swift */,
				C45CE27921E0E2630071C59D /* HomeOnBaordVC.swift */,
				C430B79021E100E70010F2AE /* FinalOnBoardVC.swift */,
			);
			path = OnBoarding;
			sourceTree = "<group>";
		};
		C4A28E3421DFCA0500ADA02D /* FloqTests */ = {
			isa = PBXGroup;
			children = (
				C4A28E3521DFCA0500ADA02D /* FloqTests.swift */,
				C4A28E3721DFCA0500ADA02D /* Info.plist */,
				C4A28E3D21DFCA4D00ADA02D /* FLCliqItemTests.swift */,
				C47A183221E811FF00E7A4AF /* PhotoEngineTests.swift */,
			);
			path = FloqTests;
			sourceTree = "<group>";
		};
		C4A2A41E21A22910006DFE6E /* SectionControllers */ = {
			isa = PBXGroup;
			children = (
				406493811FDDAC3F00224DF8 /* PhotoSection.swift */,
				C4A2A42321A22A10006DFE6E /* GridPhotoSection.swift */,
				C4A2A42521A22AA8006DFE6E /* FullScreenPhotoSection.swift */,
				C4A28E3F21E01D3000ADA02D /* ActiveSectionController.swift */,
			);
			path = SectionControllers;
			sourceTree = "<group>";
		};
		C4A2A41F21A2292F006DFE6E /* Services */ = {
			isa = PBXGroup;
			children = (
				C4D1E09021D8ADDC00C5ED9A /* LoggerService.swift */,
				C48A57D921A22E4400D3B0E6 /* Enums.swift */,
				C48A57D721A22E0900D3B0E6 /* PhotoEngine.swift */,
				C48A57D521A22DF500D3B0E6 /* DataService.swift */,
				C416EC9521D623AB00ECEE2C /* CustomAlbum.swift */,
			);
			name = Services;
			path = "New Group";
			sourceTree = "<group>";
		};
		C4A2A42021A22944006DFE6E /* Model */ = {
			isa = PBXGroup;
			children = (
				C4A2A42B21A22B5E006DFE6E /* GridPhotoItem.swift */,
				C4A2A42921A22B4E006DFE6E /* FLCliqItem.swift */,
				C4A2A42721A22B37006DFE6E /* FLUser.swift */,
				40FED65E1FDE0E4800EC5974 /* PhotoItem.swift */,
				C4D1E09421DA7E2E00C5ED9A /* SectionableCliq.swift */,
			);
			name = Model;
			path = "New Group";
			sourceTree = "<group>";
		};
		C4A2A42121A2294C006DFE6E /* View */ = {
			isa = PBXGroup;
			children = (
				C4A2A42F21A22C21006DFE6E /* cliqCells.xib */,
				407997F71FDCDF8900AAE42A /* ImageCell.swift */,
				407997FD1FDCE0ED00AAE42A /* LabelCell.swift */,
				C4A2A42D21A22BBE006DFE6E /* BaseButton.swift */,
				C4A2A43321A22C42006DFE6E /* CliqsCell.swift */,
				C4A2A43521A22C48006DFE6E /* FullScreenCell.swift */,
				C4A2A43121A22C3F006DFE6E /* FullScreenCell.xib */,
				C4A2A43221A22C41006DFE6E /* PhotoCell.swift */,
				C4A2A43621A22C4A006DFE6E /* PhotoCell.xib */,
				C4A2A43421A22C44006DFE6E /* SupportViews.swift */,
				C4D1E08721D7894500C5ED9A /* FloqCell.swift */,
				C4D1E08821D7894500C5ED9A /* FloqCell.xib */,
				C434C51221DD2A32003333A1 /* UserListCell.swift */,
				C4A28E4121E01EBB00ADA02D /* ActiveSectionCell.swift */,
				C4A28E4221E01EBB00ADA02D /* ActiveSectionCell.xib */,
			);
			name = View;
			path = "New Group";
			sourceTree = "<group>";
		};
		C4A2A42221A22959006DFE6E /* Controller */ = {
			isa = PBXGroup;
			children = (
				C45CE27221E0C96E0071C59D /* OnBoarding */,
				C4A2A41E21A22910006DFE6E /* SectionControllers */,
				40A1F74020F2F80F00DDA0B1 /* HomeVC.swift */,
				C4A2A43D21A22CB5006DFE6E /* AddCliqVC.swift */,
				C4D1E08B21D794D400C5ED9A /* NearbyCliqsVC.swift */,
				C434C51021DCBE33003333A1 /* MyCliqsVC.swift */,
				407997F81FDCDF8900AAE42A /* PhotosVC.swift */,
				C4A2A43F21A22CC1006DFE6E /* PhotoFullScreenVC.swift */,
				C434C51421DD2BA0003333A1 /* UserListVC.swift */,
				C4D1E09621DB989000C5ED9A /* UserProfileVC.swift */,
				C4D1E09821DB98D200C5ED9A /* UserSettingsTVC.swift */,
				C40FC38E21DE552400CD39A8 /* ProfileImageVC.swift */,
			);
			name = Controller;
			sourceTree = "<group>";
		};
		C4D1E08F21D8AC8800C5ED9A /* Extensions */ = {
			isa = PBXGroup;
			children = (
				C434C50E21DBEB48003333A1 /* FirebaseAuth+Extensions.swift */,
				C4D1E08D21D8AC7D00C5ED9A /* Firestore+Extensions.swift */,
				C4ED7D8021EB292B0073ED76 /* Firestore+Extensions.swift */,
				C4D1E09221D8AE4100C5ED9A /* FoundationTypes+Extensions.swift */,
				C434C50A21DBA9DB003333A1 /* FIRStorage+Extensions.swift */,
				C434C50C21DBBEEC003333A1 /* UIKitModules+Extensions.swift */,
			);
			path = Extensions;
			sourceTree = "<group>";
		};
		C6C4421E77313EAEA9683D29 /* Frameworks */ = {
			isa = PBXGroup;
			children = (
				48674A44BA36DB0F31439238 /* Pods_Floq.framework */,
			);
			name = Frameworks;
			sourceTree = "<group>";
		};
		DC970CADBD80A1EFC9A0A3CD /* Pods */ = {
			isa = PBXGroup;
			children = (
				057B0F75B8FF1CD316481054 /* Pods-Floq.debug.xcconfig */,
				6285A53FB34E03B9DFF66883 /* Pods-Floq.release.xcconfig */,
			);
			name = Pods;
			sourceTree = "<group>";
		};
/* End PBXGroup section */

/* Begin PBXNativeTarget section */
		40AA29B21E8891E900200A3F /* Floq */ = {
			isa = PBXNativeTarget;
			buildConfigurationList = 40AA29C51E8891E900200A3F /* Build configuration list for PBXNativeTarget "Floq" */;
			buildPhases = (
				B57EA2233D44F7AC23ABD8A2 /* [CP] Check Pods Manifest.lock */,
				40AA29AF1E8891E900200A3F /* Sources */,
				40AA29B01E8891E900200A3F /* Frameworks */,
				40AA29B11E8891E900200A3F /* Resources */,
				78428CF0718D5AF6743417FC /* [CP] Embed Pods Frameworks */,
				006B310CC01366A8466EFF74 /* [CP] Copy Pods Resources */,
				C4A28E4521E0323500ADA02D /* ShellScript */,
			);
			buildRules = (
			);
			dependencies = (
			);
			name = Floq;
			productName = Floq;
			productReference = 40AA29B31E8891E900200A3F /* Floq.app */;
			productType = "com.apple.product-type.application";
		};
		C4A28E3221DFCA0500ADA02D /* FloqTests */ = {
			isa = PBXNativeTarget;
			buildConfigurationList = C4A28E3C21DFCA0500ADA02D /* Build configuration list for PBXNativeTarget "FloqTests" */;
			buildPhases = (
				C4A28E2F21DFCA0500ADA02D /* Sources */,
				C4A28E3021DFCA0500ADA02D /* Frameworks */,
				C4A28E3121DFCA0500ADA02D /* Resources */,
			);
			buildRules = (
			);
			dependencies = (
				C4A28E3921DFCA0500ADA02D /* PBXTargetDependency */,
			);
			name = FloqTests;
			productName = FloqTests;
			productReference = C4A28E3321DFCA0500ADA02D /* FloqTests.xctest */;
			productType = "com.apple.product-type.bundle.unit-test";
		};
/* End PBXNativeTarget section */

/* Begin PBXProject section */
		40AA29AB1E8891E900200A3F /* Project object */ = {
			isa = PBXProject;
			attributes = {
				LastSwiftUpdateCheck = 1010;
				LastUpgradeCheck = 0820;
				ORGANIZATIONNAME = "Arun Nagarajan";
				TargetAttributes = {
					40AA29B21E8891E900200A3F = {
						CreatedOnToolsVersion = 8.2.1;
						DevelopmentTeam = Y86G6TS245;
						LastSwiftMigration = 1010;
						ProvisioningStyle = Automatic;
						SystemCapabilities = {
							com.apple.BackgroundModes = {
								enabled = 1;
							};
							com.apple.Keychain = {
								enabled = 1;
							};
							com.apple.Push = {
								enabled = 1;
							};
						};
					};
					C4A28E3221DFCA0500ADA02D = {
						CreatedOnToolsVersion = 10.1;
						DevelopmentTeam = Y86G6TS245;
						ProvisioningStyle = Automatic;
						TestTargetID = 40AA29B21E8891E900200A3F;
					};
				};
			};
			buildConfigurationList = 40AA29AE1E8891E900200A3F /* Build configuration list for PBXProject "Floq" */;
			compatibilityVersion = "Xcode 3.2";
			developmentRegion = English;
			hasScannedForEncodings = 0;
			knownRegions = (
				en,
				Base,
			);
			mainGroup = 40AA29AA1E8891E900200A3F;
			productRefGroup = 40AA29B41E8891E900200A3F /* Products */;
			projectDirPath = "";
			projectRoot = "";
			targets = (
				40AA29B21E8891E900200A3F /* Floq */,
				C4A28E3221DFCA0500ADA02D /* FloqTests */,
			);
		};
/* End PBXProject section */

/* Begin PBXResourcesBuildPhase section */
		40AA29B11E8891E900200A3F /* Resources */ = {
			isa = PBXResourcesBuildPhase;
			buildActionMask = 2147483647;
			files = (
				40AA29C11E8891E900200A3F /* LaunchScreen.storyboard in Resources */,
				4048BD431E88B76B00BA8BDA /* GoogleService-Info.plist in Resources */,
				C4A28E4421E01EBB00ADA02D /* ActiveSectionCell.xib in Resources */,
				C4A2A43021A22C21006DFE6E /* cliqCells.xib in Resources */,
				40AA29BE1E8891E900200A3F /* Assets.xcassets in Resources */,
				C4A2A43721A22C4A006DFE6E /* FullScreenCell.xib in Resources */,
				40AA29BC1E8891E900200A3F /* Main.storyboard in Resources */,
				C4A2A43C21A22C4A006DFE6E /* PhotoCell.xib in Resources */,
				C4D1E08A21D7894500C5ED9A /* FloqCell.xib in Resources */,
			);
			runOnlyForDeploymentPostprocessing = 0;
		};
		C4A28E3121DFCA0500ADA02D /* Resources */ = {
			isa = PBXResourcesBuildPhase;
			buildActionMask = 2147483647;
			files = (
			);
			runOnlyForDeploymentPostprocessing = 0;
		};
/* End PBXResourcesBuildPhase section */

/* Begin PBXShellScriptBuildPhase section */
		006B310CC01366A8466EFF74 /* [CP] Copy Pods Resources */ = {
			isa = PBXShellScriptBuildPhase;
			buildActionMask = 2147483647;
			files = (
			);
			inputPaths = (
				"${SRCROOT}/Pods/Target Support Files/Pods-Floq/Pods-Floq-resources.sh",
				"${PODS_CONFIGURATION_BUILD_DIR}/FirebaseFirestore/gRPCCertificates-Firestore.bundle",
			);
			name = "[CP] Copy Pods Resources";
			outputPaths = (
				"${TARGET_BUILD_DIR}/${UNLOCALIZED_RESOURCES_FOLDER_PATH}/gRPCCertificates-Firestore.bundle",
			);
			runOnlyForDeploymentPostprocessing = 0;
			shellPath = /bin/sh;
			shellScript = "\"${SRCROOT}/Pods/Target Support Files/Pods-Floq/Pods-Floq-resources.sh\"\n";
			showEnvVarsInLog = 0;
		};
		78428CF0718D5AF6743417FC /* [CP] Embed Pods Frameworks */ = {
			isa = PBXShellScriptBuildPhase;
			buildActionMask = 2147483647;
			files = (
			);
			inputPaths = (
				"${SRCROOT}/Pods/Target Support Files/Pods-Floq/Pods-Floq-frameworks.sh",
				"${BUILT_PRODUCTS_DIR}/Bolts/Bolts.framework",
				"${BUILT_PRODUCTS_DIR}/BoringSSL/openssl.framework",
				"${BUILT_PRODUCTS_DIR}/DKCamera/DKCamera.framework",
				"${BUILT_PRODUCTS_DIR}/DKImagePickerController/DKImagePickerController.framework",
				"${BUILT_PRODUCTS_DIR}/DKPhotoGallery/DKPhotoGallery.framework",
				"${BUILT_PRODUCTS_DIR}/Eureka/Eureka.framework",
				"${BUILT_PRODUCTS_DIR}/FBSDKCoreKit/FBSDKCoreKit.framework",
				"${BUILT_PRODUCTS_DIR}/FBSDKLoginKit/FBSDKLoginKit.framework",
				"${BUILT_PRODUCTS_DIR}/FLAnimatedImage/FLAnimatedImage.framework",
				"${BUILT_PRODUCTS_DIR}/FacebookCore/FacebookCore.framework",
				"${BUILT_PRODUCTS_DIR}/FacebookLogin/FacebookLogin.framework",
				"${BUILT_PRODUCTS_DIR}/Floaty/Floaty.framework",
				"${BUILT_PRODUCTS_DIR}/GTMSessionFetcher/GTMSessionFetcher.framework",
				"${BUILT_PRODUCTS_DIR}/GoogleUtilities/GoogleUtilities.framework",
				"${BUILT_PRODUCTS_DIR}/IGListKit/IGListKit.framework",
				"${BUILT_PRODUCTS_DIR}/Protobuf/Protobuf.framework",
				"${BUILT_PRODUCTS_DIR}/SDWebImage/SDWebImage.framework",
				"${BUILT_PRODUCTS_DIR}/TOCropViewController/TOCropViewController.framework",
				"${BUILT_PRODUCTS_DIR}/gRPC-C++/grpcpp.framework",
				"${BUILT_PRODUCTS_DIR}/gRPC-Core/grpc.framework",
				"${BUILT_PRODUCTS_DIR}/leveldb-library/leveldb.framework",
				"${BUILT_PRODUCTS_DIR}/nanopb/nanopb.framework",
			);
			name = "[CP] Embed Pods Frameworks";
			outputPaths = (
				"${TARGET_BUILD_DIR}/${FRAMEWORKS_FOLDER_PATH}/Bolts.framework",
				"${TARGET_BUILD_DIR}/${FRAMEWORKS_FOLDER_PATH}/openssl.framework",
				"${TARGET_BUILD_DIR}/${FRAMEWORKS_FOLDER_PATH}/DKCamera.framework",
				"${TARGET_BUILD_DIR}/${FRAMEWORKS_FOLDER_PATH}/DKImagePickerController.framework",
				"${TARGET_BUILD_DIR}/${FRAMEWORKS_FOLDER_PATH}/DKPhotoGallery.framework",
				"${TARGET_BUILD_DIR}/${FRAMEWORKS_FOLDER_PATH}/Eureka.framework",
				"${TARGET_BUILD_DIR}/${FRAMEWORKS_FOLDER_PATH}/FBSDKCoreKit.framework",
				"${TARGET_BUILD_DIR}/${FRAMEWORKS_FOLDER_PATH}/FBSDKLoginKit.framework",
				"${TARGET_BUILD_DIR}/${FRAMEWORKS_FOLDER_PATH}/FLAnimatedImage.framework",
				"${TARGET_BUILD_DIR}/${FRAMEWORKS_FOLDER_PATH}/FacebookCore.framework",
				"${TARGET_BUILD_DIR}/${FRAMEWORKS_FOLDER_PATH}/FacebookLogin.framework",
				"${TARGET_BUILD_DIR}/${FRAMEWORKS_FOLDER_PATH}/Floaty.framework",
				"${TARGET_BUILD_DIR}/${FRAMEWORKS_FOLDER_PATH}/GTMSessionFetcher.framework",
				"${TARGET_BUILD_DIR}/${FRAMEWORKS_FOLDER_PATH}/GoogleUtilities.framework",
				"${TARGET_BUILD_DIR}/${FRAMEWORKS_FOLDER_PATH}/IGListKit.framework",
				"${TARGET_BUILD_DIR}/${FRAMEWORKS_FOLDER_PATH}/Protobuf.framework",
				"${TARGET_BUILD_DIR}/${FRAMEWORKS_FOLDER_PATH}/SDWebImage.framework",
				"${TARGET_BUILD_DIR}/${FRAMEWORKS_FOLDER_PATH}/TOCropViewController.framework",
				"${TARGET_BUILD_DIR}/${FRAMEWORKS_FOLDER_PATH}/grpcpp.framework",
				"${TARGET_BUILD_DIR}/${FRAMEWORKS_FOLDER_PATH}/grpc.framework",
				"${TARGET_BUILD_DIR}/${FRAMEWORKS_FOLDER_PATH}/leveldb.framework",
				"${TARGET_BUILD_DIR}/${FRAMEWORKS_FOLDER_PATH}/nanopb.framework",
			);
			runOnlyForDeploymentPostprocessing = 0;
			shellPath = /bin/sh;
			shellScript = "\"${SRCROOT}/Pods/Target Support Files/Pods-Floq/Pods-Floq-frameworks.sh\"\n";
			showEnvVarsInLog = 0;
		};
		B57EA2233D44F7AC23ABD8A2 /* [CP] Check Pods Manifest.lock */ = {
			isa = PBXShellScriptBuildPhase;
			buildActionMask = 2147483647;
			files = (
			);
			inputPaths = (
				"${PODS_PODFILE_DIR_PATH}/Podfile.lock",
				"${PODS_ROOT}/Manifest.lock",
			);
			name = "[CP] Check Pods Manifest.lock";
			outputPaths = (
				"$(DERIVED_FILE_DIR)/Pods-Floq-checkManifestLockResult.txt",
			);
			runOnlyForDeploymentPostprocessing = 0;
			shellPath = /bin/sh;
			shellScript = "diff \"${PODS_PODFILE_DIR_PATH}/Podfile.lock\" \"${PODS_ROOT}/Manifest.lock\" > /dev/null\nif [ $? != 0 ] ; then\n    # print error to STDERR\n    echo \"error: The sandbox is not in sync with the Podfile.lock. Run 'pod install' or update your CocoaPods installation.\" >&2\n    exit 1\nfi\n# This output is used by Xcode 'outputs' to avoid re-running this script phase.\necho \"SUCCESS\" > \"${SCRIPT_OUTPUT_FILE_0}\"\n";
			showEnvVarsInLog = 0;
		};
		C4A28E4521E0323500ADA02D /* ShellScript */ = {
			isa = PBXShellScriptBuildPhase;
			buildActionMask = 12;
			files = (
			);
			inputFileListPaths = (
			);
			inputPaths = (
				"$(BUILT_PRODUCTS_DIR)/$(INFOPLIST_PATH)",
			);
			outputFileListPaths = (
			);
			outputPaths = (
			);
			runOnlyForDeploymentPostprocessing = 0;
			shellPath = /bin/sh;
			shellScript = "\"${PODS_ROOT}/Fabric/run\"\n";
		};
/* End PBXShellScriptBuildPhase section */

/* Begin PBXSourcesBuildPhase section */
		40AA29AF1E8891E900200A3F /* Sources */ = {
			isa = PBXSourcesBuildPhase;
			buildActionMask = 2147483647;
			files = (
				C434C51321DD2A32003333A1 /* UserListCell.swift in Sources */,
				40FED65F1FDE0E4800EC5974 /* PhotoItem.swift in Sources */,
				C48A57D621A22DF500D3B0E6 /* DataService.swift in Sources */,
				C434C50D21DBBEEC003333A1 /* UIKitModules+Extensions.swift in Sources */,
				C4D1E09121D8ADDD00C5ED9A /* LoggerService.swift in Sources */,
				C434C50B21DBA9DB003333A1 /* FIRStorage+Extensions.swift in Sources */,
				C4D1E09921DB98D200C5ED9A /* UserSettingsTVC.swift in Sources */,
				C4D1E08E21D8AC7D00C5ED9A /* Firestore+Extensions.swift in Sources */,
				C4A2A42421A22A10006DFE6E /* GridPhotoSection.swift in Sources */,
				407997FE1FDCE0ED00AAE42A /* LabelCell.swift in Sources */,
				C4A28E4321E01EBB00ADA02D /* ActiveSectionCell.swift in Sources */,
				C48A57D821A22E0900D3B0E6 /* PhotoEngine.swift in Sources */,
				C45CE27A21E0E2630071C59D /* HomeOnBaordVC.swift in Sources */,
				C4A2A42A21A22B4E006DFE6E /* FLCliqItem.swift in Sources */,
				407997FA1FDCDF8900AAE42A /* ImageCell.swift in Sources */,
				40A1F74520F300DE00DDA0B1 /* CreateCliqVC.swift in Sources */,
				C434C50F21DBEB48003333A1 /* FirebaseAuth+Extensions.swift in Sources */,
				C48A57DA21A22E4400D3B0E6 /* Enums.swift in Sources */,
				C4A2A44021A22CC1006DFE6E /* PhotoFullScreenVC.swift in Sources */,
				40A1F74820F3052E00DDA0B1 /* FloatLabelTextField.swift in Sources */,
				40AA29B71E8891E900200A3F /* AppDelegate.swift in Sources */,
				C41EBFB021E145430094EBC6 /* LoginVC.swift in Sources */,
				C4A2A42E21A22BBE006DFE6E /* BaseButton.swift in Sources */,
				C4A2A42821A22B37006DFE6E /* FLUser.swift in Sources */,
				C4D1E08C21D794D400C5ED9A /* NearbyCliqsVC.swift in Sources */,
				C4D1E09321D8AE4100C5ED9A /* FoundationTypes+Extensions.swift in Sources */,
				C434C51521DD2BA0003333A1 /* UserListVC.swift in Sources */,
				C4A28E4021E01D3000ADA02D /* ActiveSectionController.swift in Sources */,
				C434C51121DCBE33003333A1 /* MyCliqsVC.swift in Sources */,
				C4A2A43B21A22C4A006DFE6E /* FullScreenCell.swift in Sources */,
				C45CE27421E0CD7C0071C59D /* OnBoardingPVC.swift in Sources */,
				C4ED7D8121EB292B0073ED76 /* Firestore+Extensions.swift in Sources */,
				C45CE27821E0CF010071C59D /* OnBoardInfoTwoVC.swift in Sources */,
				40A1F74D20F3082800DDA0B1 /* ImagePickerController.swift in Sources */,
				C416EC9621D623AB00ECEE2C /* CustomAlbum.swift in Sources */,
				C4A2A43A21A22C4A006DFE6E /* SupportViews.swift in Sources */,
				C4D1E09721DB989000C5ED9A /* UserProfileVC.swift in Sources */,
				C4A2A42C21A22B5E006DFE6E /* GridPhotoItem.swift in Sources */,
				C40FC38F21DE552400CD39A8 /* ProfileImageVC.swift in Sources */,
				C4A2A42621A22AA8006DFE6E /* FullScreenPhotoSection.swift in Sources */,
				C4D1E08921D7894500C5ED9A /* FloqCell.swift in Sources */,
				C430B79121E100E70010F2AE /* FinalOnBoardVC.swift in Sources */,
				40A1F74F20F3083A00DDA0B1 /* ImageRow.swift in Sources */,
				C4A2A43921A22C4A006DFE6E /* CliqsCell.swift in Sources */,
				40A1F74120F2F80F00DDA0B1 /* HomeVC.swift in Sources */,
				C4A2A43821A22C4A006DFE6E /* PhotoCell.swift in Sources */,
				40A1F74A20F3056B00DDA0B1 /* CustomCells.swift in Sources */,
				C4A2A43E21A22CB5006DFE6E /* AddCliqVC.swift in Sources */,
				407997FB1FDCDF8900AAE42A /* PhotosVC.swift in Sources */,
				C45CE27621E0CE930071C59D /* OnBoardInfoOneVC.swift in Sources */,
				406493821FDDAC3F00224DF8 /* PhotoSection.swift in Sources */,
				C4D1E09521DA7E2E00C5ED9A /* SectionableCliq.swift in Sources */,
			);
			runOnlyForDeploymentPostprocessing = 0;
		};
		C4A28E2F21DFCA0500ADA02D /* Sources */ = {
			isa = PBXSourcesBuildPhase;
			buildActionMask = 2147483647;
			files = (
				C4A28E3621DFCA0500ADA02D /* FloqTests.swift in Sources */,
				C4A28E3E21DFCA4D00ADA02D /* FLCliqItemTests.swift in Sources */,
				C47A183321E811FF00E7A4AF /* PhotoEngineTests.swift in Sources */,
			);
			runOnlyForDeploymentPostprocessing = 0;
		};
/* End PBXSourcesBuildPhase section */

/* Begin PBXTargetDependency section */
		C4A28E3921DFCA0500ADA02D /* PBXTargetDependency */ = {
			isa = PBXTargetDependency;
			target = 40AA29B21E8891E900200A3F /* Floq */;
			targetProxy = C4A28E3821DFCA0500ADA02D /* PBXContainerItemProxy */;
		};
/* End PBXTargetDependency section */

/* Begin PBXVariantGroup section */
		40AA29BA1E8891E900200A3F /* Main.storyboard */ = {
			isa = PBXVariantGroup;
			children = (
				40AA29BB1E8891E900200A3F /* Base */,
			);
			name = Main.storyboard;
			sourceTree = "<group>";
		};
		40AA29BF1E8891E900200A3F /* LaunchScreen.storyboard */ = {
			isa = PBXVariantGroup;
			children = (
				40AA29C01E8891E900200A3F /* Base */,
			);
			name = LaunchScreen.storyboard;
			sourceTree = "<group>";
		};
/* End PBXVariantGroup section */

/* Begin XCBuildConfiguration section */
		40AA29C31E8891E900200A3F /* Debug */ = {
			isa = XCBuildConfiguration;
			buildSettings = {
				ALWAYS_SEARCH_USER_PATHS = NO;
				CLANG_ANALYZER_NONNULL = YES;
				CLANG_CXX_LANGUAGE_STANDARD = "gnu++0x";
				CLANG_CXX_LIBRARY = "libc++";
				CLANG_ENABLE_MODULES = YES;
				CLANG_ENABLE_OBJC_ARC = YES;
				CLANG_WARN_BOOL_CONVERSION = YES;
				CLANG_WARN_CONSTANT_CONVERSION = YES;
				CLANG_WARN_DIRECT_OBJC_ISA_USAGE = YES_ERROR;
				CLANG_WARN_DOCUMENTATION_COMMENTS = YES;
				CLANG_WARN_EMPTY_BODY = YES;
				CLANG_WARN_ENUM_CONVERSION = YES;
				CLANG_WARN_INFINITE_RECURSION = YES;
				CLANG_WARN_INT_CONVERSION = YES;
				CLANG_WARN_OBJC_ROOT_CLASS = YES_ERROR;
				CLANG_WARN_SUSPICIOUS_MOVE = YES;
				CLANG_WARN_UNREACHABLE_CODE = YES;
				CLANG_WARN__DUPLICATE_METHOD_MATCH = YES;
				"CODE_SIGN_IDENTITY[sdk=iphoneos*]" = "iPhone Developer";
				COPY_PHASE_STRIP = NO;
				DEBUG_INFORMATION_FORMAT = dwarf;
				ENABLE_STRICT_OBJC_MSGSEND = YES;
				ENABLE_TESTABILITY = YES;
				GCC_C_LANGUAGE_STANDARD = gnu99;
				GCC_DYNAMIC_NO_PIC = NO;
				GCC_NO_COMMON_BLOCKS = YES;
				GCC_OPTIMIZATION_LEVEL = 0;
				GCC_PREPROCESSOR_DEFINITIONS = (
					"DEBUG=1",
					"$(inherited)",
				);
				GCC_WARN_64_TO_32_BIT_CONVERSION = YES;
				GCC_WARN_ABOUT_RETURN_TYPE = YES_ERROR;
				GCC_WARN_UNDECLARED_SELECTOR = YES;
				GCC_WARN_UNINITIALIZED_AUTOS = YES_AGGRESSIVE;
				GCC_WARN_UNUSED_FUNCTION = YES;
				GCC_WARN_UNUSED_VARIABLE = YES;
				IPHONEOS_DEPLOYMENT_TARGET = 10.2;
				MTL_ENABLE_DEBUG_INFO = YES;
				ONLY_ACTIVE_ARCH = YES;
				SDKROOT = iphoneos;
				SWIFT_ACTIVE_COMPILATION_CONDITIONS = DEBUG;
				SWIFT_OPTIMIZATION_LEVEL = "-Onone";
				TARGETED_DEVICE_FAMILY = "1,2";
			};
			name = Debug;
		};
		40AA29C41E8891E900200A3F /* Release */ = {
			isa = XCBuildConfiguration;
			buildSettings = {
				ALWAYS_SEARCH_USER_PATHS = NO;
				CLANG_ANALYZER_NONNULL = YES;
				CLANG_CXX_LANGUAGE_STANDARD = "gnu++0x";
				CLANG_CXX_LIBRARY = "libc++";
				CLANG_ENABLE_MODULES = YES;
				CLANG_ENABLE_OBJC_ARC = YES;
				CLANG_WARN_BOOL_CONVERSION = YES;
				CLANG_WARN_CONSTANT_CONVERSION = YES;
				CLANG_WARN_DIRECT_OBJC_ISA_USAGE = YES_ERROR;
				CLANG_WARN_DOCUMENTATION_COMMENTS = YES;
				CLANG_WARN_EMPTY_BODY = YES;
				CLANG_WARN_ENUM_CONVERSION = YES;
				CLANG_WARN_INFINITE_RECURSION = YES;
				CLANG_WARN_INT_CONVERSION = YES;
				CLANG_WARN_OBJC_ROOT_CLASS = YES_ERROR;
				CLANG_WARN_SUSPICIOUS_MOVE = YES;
				CLANG_WARN_UNREACHABLE_CODE = YES;
				CLANG_WARN__DUPLICATE_METHOD_MATCH = YES;
				"CODE_SIGN_IDENTITY[sdk=iphoneos*]" = "iPhone Developer";
				COPY_PHASE_STRIP = NO;
				DEBUG_INFORMATION_FORMAT = "dwarf-with-dsym";
				ENABLE_NS_ASSERTIONS = NO;
				ENABLE_STRICT_OBJC_MSGSEND = YES;
				GCC_C_LANGUAGE_STANDARD = gnu99;
				GCC_NO_COMMON_BLOCKS = YES;
				GCC_WARN_64_TO_32_BIT_CONVERSION = YES;
				GCC_WARN_ABOUT_RETURN_TYPE = YES_ERROR;
				GCC_WARN_UNDECLARED_SELECTOR = YES;
				GCC_WARN_UNINITIALIZED_AUTOS = YES_AGGRESSIVE;
				GCC_WARN_UNUSED_FUNCTION = YES;
				GCC_WARN_UNUSED_VARIABLE = YES;
				IPHONEOS_DEPLOYMENT_TARGET = 10.2;
				MTL_ENABLE_DEBUG_INFO = NO;
				SDKROOT = iphoneos;
				SWIFT_OPTIMIZATION_LEVEL = "-Owholemodule";
				TARGETED_DEVICE_FAMILY = "1,2";
				VALIDATE_PRODUCT = YES;
			};
			name = Release;
		};
		40AA29C61E8891E900200A3F /* Debug */ = {
			isa = XCBuildConfiguration;
			baseConfigurationReference = 057B0F75B8FF1CD316481054 /* Pods-Floq.debug.xcconfig */;
			buildSettings = {
				ASSETCATALOG_COMPILER_APPICON_NAME = AppIcon;
				CODE_SIGN_ENTITLEMENTS = Floq/Floq.entitlements;
				"CODE_SIGN_IDENTITY[sdk=iphoneos*]" = "iPhone Developer";
				CURRENT_PROJECT_VERSION = 4;
				DEBUG_INFORMATION_FORMAT = "dwarf-with-dsym";
				DEVELOPMENT_TEAM = Y86G6TS245;
				INFOPLIST_FILE = Floq/Info.plist;
				LD_RUNPATH_SEARCH_PATHS = "$(inherited) @executable_path/Frameworks";
				PRODUCT_BUNDLE_IDENTIFIER = com.floq.Floq;
				PRODUCT_NAME = "$(TARGET_NAME)";
				SWIFT_VERSION = 4.2;
				TARGETED_DEVICE_FAMILY = 1;
				VERSIONING_SYSTEM = "apple-generic";
			};
			name = Debug;
		};
		40AA29C71E8891E900200A3F /* Release */ = {
			isa = XCBuildConfiguration;
			baseConfigurationReference = 6285A53FB34E03B9DFF66883 /* Pods-Floq.release.xcconfig */;
			buildSettings = {
				ASSETCATALOG_COMPILER_APPICON_NAME = AppIcon;
				CODE_SIGN_ENTITLEMENTS = Floq/Floq.entitlements;
				"CODE_SIGN_IDENTITY[sdk=iphoneos*]" = "iPhone Developer";
				CURRENT_PROJECT_VERSION = 4;
				DEVELOPMENT_TEAM = Y86G6TS245;
				INFOPLIST_FILE = Floq/Info.plist;
				LD_RUNPATH_SEARCH_PATHS = "$(inherited) @executable_path/Frameworks";
				PRODUCT_BUNDLE_IDENTIFIER = com.floq.Floq;
				PRODUCT_NAME = "$(TARGET_NAME)";
				SWIFT_VERSION = 4.2;
				TARGETED_DEVICE_FAMILY = 1;
				VERSIONING_SYSTEM = "apple-generic";
			};
			name = Release;
		};
		C4A28E3A21DFCA0500ADA02D /* Debug */ = {
			isa = XCBuildConfiguration;
			buildSettings = {
				BUNDLE_LOADER = "$(TEST_HOST)";
				CLANG_ANALYZER_NUMBER_OBJECT_CONVERSION = YES_AGGRESSIVE;
				CLANG_CXX_LANGUAGE_STANDARD = "gnu++14";
				CLANG_ENABLE_OBJC_WEAK = YES;
				CLANG_WARN_BLOCK_CAPTURE_AUTORELEASING = YES;
				CLANG_WARN_COMMA = YES;
				CLANG_WARN_DEPRECATED_OBJC_IMPLEMENTATIONS = YES;
				CLANG_WARN_NON_LITERAL_NULL_CONVERSION = YES;
				CLANG_WARN_OBJC_IMPLICIT_RETAIN_SELF = YES;
				CLANG_WARN_OBJC_LITERAL_CONVERSION = YES;
				CLANG_WARN_RANGE_LOOP_ANALYSIS = YES;
				CLANG_WARN_STRICT_PROTOTYPES = YES;
				CLANG_WARN_UNGUARDED_AVAILABILITY = YES_AGGRESSIVE;
				CODE_SIGN_IDENTITY = "iPhone Developer";
				CODE_SIGN_STYLE = Automatic;
				DEVELOPMENT_TEAM = Y86G6TS245;
				GCC_C_LANGUAGE_STANDARD = gnu11;
				HEADER_SEARCH_PATHS = "$(SRCROOT)/Pods/**";
				INFOPLIST_FILE = FloqTests/Info.plist;
				IPHONEOS_DEPLOYMENT_TARGET = 12.1;
				LD_RUNPATH_SEARCH_PATHS = "$(inherited) @executable_path/Frameworks @loader_path/Frameworks";
				MTL_ENABLE_DEBUG_INFO = INCLUDE_SOURCE;
				MTL_FAST_MATH = YES;
				PRODUCT_BUNDLE_IDENTIFIER = com.floq.FloqTests;
				PRODUCT_NAME = "$(TARGET_NAME)";
				SWIFT_VERSION = 4.2;
				TARGETED_DEVICE_FAMILY = "1,2";
				TEST_HOST = "$(BUILT_PRODUCTS_DIR)/Floq.app/Floq";
			};
			name = Debug;
		};
		C4A28E3B21DFCA0500ADA02D /* Release */ = {
			isa = XCBuildConfiguration;
			buildSettings = {
				BUNDLE_LOADER = "$(TEST_HOST)";
				CLANG_ANALYZER_NUMBER_OBJECT_CONVERSION = YES_AGGRESSIVE;
				CLANG_CXX_LANGUAGE_STANDARD = "gnu++14";
				CLANG_ENABLE_OBJC_WEAK = YES;
				CLANG_WARN_BLOCK_CAPTURE_AUTORELEASING = YES;
				CLANG_WARN_COMMA = YES;
				CLANG_WARN_DEPRECATED_OBJC_IMPLEMENTATIONS = YES;
				CLANG_WARN_NON_LITERAL_NULL_CONVERSION = YES;
				CLANG_WARN_OBJC_IMPLICIT_RETAIN_SELF = YES;
				CLANG_WARN_OBJC_LITERAL_CONVERSION = YES;
				CLANG_WARN_RANGE_LOOP_ANALYSIS = YES;
				CLANG_WARN_STRICT_PROTOTYPES = YES;
				CLANG_WARN_UNGUARDED_AVAILABILITY = YES_AGGRESSIVE;
				CODE_SIGN_IDENTITY = "iPhone Developer";
				CODE_SIGN_STYLE = Automatic;
				DEVELOPMENT_TEAM = Y86G6TS245;
				GCC_C_LANGUAGE_STANDARD = gnu11;
				HEADER_SEARCH_PATHS = "$(SRCROOT)/Pods/**";
				INFOPLIST_FILE = FloqTests/Info.plist;
				IPHONEOS_DEPLOYMENT_TARGET = 12.1;
				LD_RUNPATH_SEARCH_PATHS = "$(inherited) @executable_path/Frameworks @loader_path/Frameworks";
				MTL_FAST_MATH = YES;
				PRODUCT_BUNDLE_IDENTIFIER = com.floq.FloqTests;
				PRODUCT_NAME = "$(TARGET_NAME)";
				SWIFT_VERSION = 4.2;
				TARGETED_DEVICE_FAMILY = "1,2";
				TEST_HOST = "$(BUILT_PRODUCTS_DIR)/Floq.app/Floq";
			};
			name = Release;
		};
/* End XCBuildConfiguration section */

/* Begin XCConfigurationList section */
		40AA29AE1E8891E900200A3F /* Build configuration list for PBXProject "Floq" */ = {
			isa = XCConfigurationList;
			buildConfigurations = (
				40AA29C31E8891E900200A3F /* Debug */,
				40AA29C41E8891E900200A3F /* Release */,
			);
			defaultConfigurationIsVisible = 0;
			defaultConfigurationName = Release;
		};
		40AA29C51E8891E900200A3F /* Build configuration list for PBXNativeTarget "Floq" */ = {
			isa = XCConfigurationList;
			buildConfigurations = (
				40AA29C61E8891E900200A3F /* Debug */,
				40AA29C71E8891E900200A3F /* Release */,
			);
			defaultConfigurationIsVisible = 0;
			defaultConfigurationName = Release;
		};
		C4A28E3C21DFCA0500ADA02D /* Build configuration list for PBXNativeTarget "FloqTests" */ = {
			isa = XCConfigurationList;
			buildConfigurations = (
				C4A28E3A21DFCA0500ADA02D /* Debug */,
				C4A28E3B21DFCA0500ADA02D /* Release */,
			);
			defaultConfigurationIsVisible = 0;
			defaultConfigurationName = Release;
		};
/* End XCConfigurationList section */
	};
	rootObject = 40AA29AB1E8891E900200A3F /* Project object */;
}
